// !$*UTF8*$!
{
	archiveVersion = 1;
	classes = {
	};
	objectVersion = 50;
	objects = {

/* Begin PBXBuildFile section */
		7A33CBD223E2D4EE0035E396 /* AppDelegate.swift in Sources */ = {isa = PBXBuildFile; fileRef = 7A33CBD123E2D4EE0035E396 /* AppDelegate.swift */; };
		7A33CBD423E2D4EE0035E396 /* SceneDelegate.swift in Sources */ = {isa = PBXBuildFile; fileRef = 7A33CBD323E2D4EE0035E396 /* SceneDelegate.swift */; };
		7A33CBD623E2D4EE0035E396 /* ViewController.swift in Sources */ = {isa = PBXBuildFile; fileRef = 7A33CBD523E2D4EE0035E396 /* ViewController.swift */; };
		7A33CBD923E2D4EE0035E396 /* Main.storyboard in Resources */ = {isa = PBXBuildFile; fileRef = 7A33CBD723E2D4EE0035E396 /* Main.storyboard */; };
		7A33CBDB23E2D4EF0035E396 /* Assets.xcassets in Resources */ = {isa = PBXBuildFile; fileRef = 7A33CBDA23E2D4EF0035E396 /* Assets.xcassets */; };
		7A33CBDE23E2D4EF0035E396 /* LaunchScreen.storyboard in Resources */ = {isa = PBXBuildFile; fileRef = 7A33CBDC23E2D4EF0035E396 /* LaunchScreen.storyboard */; };
		7A33CBE923E2D4EF0035E396 /* appDic_0Tests.swift in Sources */ = {isa = PBXBuildFile; fileRef = 7A33CBE823E2D4EF0035E396 /* appDic_0Tests.swift */; };
		7A33CBF423E2D4F00035E396 /* appDic_0UITests.swift in Sources */ = {isa = PBXBuildFile; fileRef = 7A33CBF323E2D4F00035E396 /* appDic_0UITests.swift */; };
		7A33CC0223E405DA0035E396 /* HelpViewController.swift in Sources */ = {isa = PBXBuildFile; fileRef = 7A33CC0123E405DA0035E396 /* HelpViewController.swift */; };
/* End PBXBuildFile section */

/* Begin PBXContainerItemProxy section */
		7A33CBE523E2D4EF0035E396 /* PBXContainerItemProxy */ = {
			isa = PBXContainerItemProxy;
			containerPortal = 7A33CBC623E2D4EE0035E396 /* Project object */;
			proxyType = 1;
			remoteGlobalIDString = 7A33CBCD23E2D4EE0035E396;
			remoteInfo = appDic_0;
		};
		7A33CBF023E2D4F00035E396 /* PBXContainerItemProxy */ = {
			isa = PBXContainerItemProxy;
			containerPortal = 7A33CBC623E2D4EE0035E396 /* Project object */;
			proxyType = 1;
			remoteGlobalIDString = 7A33CBCD23E2D4EE0035E396;
			remoteInfo = appDic_0;
		};
/* End PBXContainerItemProxy section */

/* Begin PBXFileReference section */
		7A33CBCE23E2D4EE0035E396 /* appDic_0.app */ = {isa = PBXFileReference; explicitFileType = wrapper.application; includeInIndex = 0; path = appDic_0.app; sourceTree = BUILT_PRODUCTS_DIR; };
		7A33CBD123E2D4EE0035E396 /* AppDelegate.swift */ = {isa = PBXFileReference; lastKnownFileType = sourcecode.swift; path = AppDelegate.swift; sourceTree = "<group>"; };
		7A33CBD323E2D4EE0035E396 /* SceneDelegate.swift */ = {isa = PBXFileReference; lastKnownFileType = sourcecode.swift; path = SceneDelegate.swift; sourceTree = "<group>"; };
		7A33CBD523E2D4EE0035E396 /* ViewController.swift */ = {isa = PBXFileReference; lastKnownFileType = sourcecode.swift; path = ViewController.swift; sourceTree = "<group>"; };
		7A33CBD823E2D4EE0035E396 /* Base */ = {isa = PBXFileReference; lastKnownFileType = file.storyboard; name = Base; path = Base.lproj/Main.storyboard; sourceTree = "<group>"; };
		7A33CBDA23E2D4EF0035E396 /* Assets.xcassets */ = {isa = PBXFileReference; lastKnownFileType = folder.assetcatalog; path = Assets.xcassets; sourceTree = "<group>"; };
		7A33CBDD23E2D4EF0035E396 /* Base */ = {isa = PBXFileReference; lastKnownFileType = file.storyboard; name = Base; path = Base.lproj/LaunchScreen.storyboard; sourceTree = "<group>"; };
		7A33CBDF23E2D4EF0035E396 /* Info.plist */ = {isa = PBXFileReference; lastKnownFileType = text.plist.xml; path = Info.plist; sourceTree = "<group>"; };
		7A33CBE423E2D4EF0035E396 /* appDic_0Tests.xctest */ = {isa = PBXFileReference; explicitFileType = wrapper.cfbundle; includeInIndex = 0; path = appDic_0Tests.xctest; sourceTree = BUILT_PRODUCTS_DIR; };
		7A33CBE823E2D4EF0035E396 /* appDic_0Tests.swift */ = {isa = PBXFileReference; lastKnownFileType = sourcecode.swift; path = appDic_0Tests.swift; sourceTree = "<group>"; };
		7A33CBEA23E2D4EF0035E396 /* Info.plist */ = {isa = PBXFileReference; lastKnownFileType = text.plist.xml; path = Info.plist; sourceTree = "<group>"; };
		7A33CBEF23E2D4EF0035E396 /* appDic_0UITests.xctest */ = {isa = PBXFileReference; explicitFileType = wrapper.cfbundle; includeInIndex = 0; path = appDic_0UITests.xctest; sourceTree = BUILT_PRODUCTS_DIR; };
		7A33CBF323E2D4F00035E396 /* appDic_0UITests.swift */ = {isa = PBXFileReference; lastKnownFileType = sourcecode.swift; path = appDic_0UITests.swift; sourceTree = "<group>"; };
		7A33CBF523E2D4F00035E396 /* Info.plist */ = {isa = PBXFileReference; lastKnownFileType = text.plist.xml; path = Info.plist; sourceTree = "<group>"; };
		7A33CC0123E405DA0035E396 /* HelpViewController.swift */ = {isa = PBXFileReference; lastKnownFileType = sourcecode.swift; path = HelpViewController.swift; sourceTree = "<group>"; };
/* End PBXFileReference section */

/* Begin PBXFrameworksBuildPhase section */
		7A33CBCB23E2D4EE0035E396 /* Frameworks */ = {
			isa = PBXFrameworksBuildPhase;
			buildActionMask = 2147483647;
			files = (
			);
			runOnlyForDeploymentPostprocessing = 0;
		};
		7A33CBE123E2D4EF0035E396 /* Frameworks */ = {
			isa = PBXFrameworksBuildPhase;
			buildActionMask = 2147483647;
			files = (
			);
			runOnlyForDeploymentPostprocessing = 0;
		};
		7A33CBEC23E2D4EF0035E396 /* Frameworks */ = {
			isa = PBXFrameworksBuildPhase;
			buildActionMask = 2147483647;
			files = (
			);
			runOnlyForDeploymentPostprocessing = 0;
		};
/* End PBXFrameworksBuildPhase section */

/* Begin PBXGroup section */
		7A33CBC523E2D4EE0035E396 = {
			isa = PBXGroup;
			children = (
				7A33CBD023E2D4EE0035E396 /* appDic_0 */,
				7A33CBE723E2D4EF0035E396 /* appDic_0Tests */,
				7A33CBF223E2D4F00035E396 /* appDic_0UITests */,
				7A33CBCF23E2D4EE0035E396 /* Products */,
			);
			sourceTree = "<group>";
		};
		7A33CBCF23E2D4EE0035E396 /* Products */ = {
			isa = PBXGroup;
			children = (
				7A33CBCE23E2D4EE0035E396 /* appDic_0.app */,
				7A33CBE423E2D4EF0035E396 /* appDic_0Tests.xctest */,
				7A33CBEF23E2D4EF0035E396 /* appDic_0UITests.xctest */,
			);
			name = Products;
			sourceTree = "<group>";
		};
		7A33CBD023E2D4EE0035E396 /* appDic_0 */ = {
			isa = PBXGroup;
			children = (
				7A33CBD123E2D4EE0035E396 /* AppDelegate.swift */,
				7A33CBD323E2D4EE0035E396 /* SceneDelegate.swift */,
				7A33CBD523E2D4EE0035E396 /* ViewController.swift */,
				7A33CBD723E2D4EE0035E396 /* Main.storyboard */,
				7A33CC0123E405DA0035E396 /* HelpViewController.swift */,
				7A33CBDA23E2D4EF0035E396 /* Assets.xcassets */,
				7A33CBDC23E2D4EF0035E396 /* LaunchScreen.storyboard */,
				7A33CBDF23E2D4EF0035E396 /* Info.plist */,
			);
			path = appDic_0;
			sourceTree = "<group>";
		};
		7A33CBE723E2D4EF0035E396 /* appDic_0Tests */ = {
			isa = PBXGroup;
			children = (
				7A33CBE823E2D4EF0035E396 /* appDic_0Tests.swift */,
				7A33CBEA23E2D4EF0035E396 /* Info.plist */,
			);
			path = appDic_0Tests;
			sourceTree = "<group>";
		};
		7A33CBF223E2D4F00035E396 /* appDic_0UITests */ = {
			isa = PBXGroup;
			children = (
				7A33CBF323E2D4F00035E396 /* appDic_0UITests.swift */,
				7A33CBF523E2D4F00035E396 /* Info.plist */,
			);
			path = appDic_0UITests;
			sourceTree = "<group>";
		};
/* End PBXGroup section */

/* Begin PBXNativeTarget section */
		7A33CBCD23E2D4EE0035E396 /* appDic_0 */ = {
			isa = PBXNativeTarget;
			buildConfigurationList = 7A33CBF823E2D4F00035E396 /* Build configuration list for PBXNativeTarget "appDic_0" */;
			buildPhases = (
				7A33CBCA23E2D4EE0035E396 /* Sources */,
				7A33CBCB23E2D4EE0035E396 /* Frameworks */,
				7A33CBCC23E2D4EE0035E396 /* Resources */,
			);
			buildRules = (
			);
			dependencies = (
			);
			name = appDic_0;
			productName = appDic_0;
			productReference = 7A33CBCE23E2D4EE0035E396 /* appDic_0.app */;
			productType = "com.apple.product-type.application";
		};
		7A33CBE323E2D4EF0035E396 /* appDic_0Tests */ = {
			isa = PBXNativeTarget;
			buildConfigurationList = 7A33CBFB23E2D4F00035E396 /* Build configuration list for PBXNativeTarget "appDic_0Tests" */;
			buildPhases = (
				7A33CBE023E2D4EF0035E396 /* Sources */,
				7A33CBE123E2D4EF0035E396 /* Frameworks */,
				7A33CBE223E2D4EF0035E396 /* Resources */,
			);
			buildRules = (
			);
			dependencies = (
				7A33CBE623E2D4EF0035E396 /* PBXTargetDependency */,
			);
			name = appDic_0Tests;
			productName = appDic_0Tests;
			productReference = 7A33CBE423E2D4EF0035E396 /* appDic_0Tests.xctest */;
			productType = "com.apple.product-type.bundle.unit-test";
		};
		7A33CBEE23E2D4EF0035E396 /* appDic_0UITests */ = {
			isa = PBXNativeTarget;
			buildConfigurationList = 7A33CBFE23E2D4F00035E396 /* Build configuration list for PBXNativeTarget "appDic_0UITests" */;
			buildPhases = (
				7A33CBEB23E2D4EF0035E396 /* Sources */,
				7A33CBEC23E2D4EF0035E396 /* Frameworks */,
				7A33CBED23E2D4EF0035E396 /* Resources */,
			);
			buildRules = (
			);
			dependencies = (
				7A33CBF123E2D4F00035E396 /* PBXTargetDependency */,
			);
			name = appDic_0UITests;
			productName = appDic_0UITests;
			productReference = 7A33CBEF23E2D4EF0035E396 /* appDic_0UITests.xctest */;
			productType = "com.apple.product-type.bundle.ui-testing";
		};
/* End PBXNativeTarget section */

/* Begin PBXProject section */
		7A33CBC623E2D4EE0035E396 /* Project object */ = {
			isa = PBXProject;
			attributes = {
				LastSwiftUpdateCheck = 1100;
				LastUpgradeCheck = 1100;
				ORGANIZATIONNAME = "이서현";
				TargetAttributes = {
					7A33CBCD23E2D4EE0035E396 = {
						CreatedOnToolsVersion = 11.0;
					};
					7A33CBE323E2D4EF0035E396 = {
						CreatedOnToolsVersion = 11.0;
						TestTargetID = 7A33CBCD23E2D4EE0035E396;
					};
					7A33CBEE23E2D4EF0035E396 = {
						CreatedOnToolsVersion = 11.0;
						TestTargetID = 7A33CBCD23E2D4EE0035E396;
					};
				};
			};
			buildConfigurationList = 7A33CBC923E2D4EE0035E396 /* Build configuration list for PBXProject "appDic_0" */;
			compatibilityVersion = "Xcode 9.3";
			developmentRegion = en;
			hasScannedForEncodings = 0;
			knownRegions = (
				en,
				Base,
			);
			mainGroup = 7A33CBC523E2D4EE0035E396;
			productRefGroup = 7A33CBCF23E2D4EE0035E396 /* Products */;
			projectDirPath = "";
			projectRoot = "";
			targets = (
				7A33CBCD23E2D4EE0035E396 /* appDic_0 */,
				7A33CBE323E2D4EF0035E396 /* appDic_0Tests */,
				7A33CBEE23E2D4EF0035E396 /* appDic_0UITests */,
			);
		};
/* End PBXProject section */

/* Begin PBXResourcesBuildPhase section */
		7A33CBCC23E2D4EE0035E396 /* Resources */ = {
			isa = PBXResourcesBuildPhase;
			buildActionMask = 2147483647;
			files = (
				7A33CBDE23E2D4EF0035E396 /* LaunchScreen.storyboard in Resources */,
				7A33CBDB23E2D4EF0035E396 /* Assets.xcassets in Resources */,
				7A33CBD923E2D4EE0035E396 /* Main.storyboard in Resources */,
			);
			runOnlyForDeploymentPostprocessing = 0;
		};
		7A33CBE223E2D4EF0035E396 /* Resources */ = {
			isa = PBXResourcesBuildPhase;
			buildActionMask = 2147483647;
			files = (
			);
			runOnlyForDeploymentPostprocessing = 0;
		};
		7A33CBED23E2D4EF0035E396 /* Resources */ = {
			isa = PBXResourcesBuildPhase;
			buildActionMask = 2147483647;
			files = (
			);
			runOnlyForDeploymentPostprocessing = 0;
		};
/* End PBXResourcesBuildPhase section */

/* Begin PBXSourcesBuildPhase section */
		7A33CBCA23E2D4EE0035E396 /* Sources */ = {
			isa = PBXSourcesBuildPhase;
			buildActionMask = 2147483647;
			files = (
				7A33CBD623E2D4EE0035E396 /* ViewController.swift in Sources */,
				7A33CBD223E2D4EE0035E396 /* AppDelegate.swift in Sources */,
				7A33CBD423E2D4EE0035E396 /* SceneDelegate.swift in Sources */,
				7A33CC0223E405DA0035E396 /* HelpViewController.swift in Sources */,
			);
			runOnlyForDeploymentPostprocessing = 0;
		};
		7A33CBE023E2D4EF0035E396 /* Sources */ = {
			isa = PBXSourcesBuildPhase;
			buildActionMask = 2147483647;
			files = (
				7A33CBE923E2D4EF0035E396 /* appDic_0Tests.swift in Sources */,
			);
			runOnlyForDeploymentPostprocessing = 0;
		};
		7A33CBEB23E2D4EF0035E396 /* Sources */ = {
			isa = PBXSourcesBuildPhase;
			buildActionMask = 2147483647;
			files = (
				7A33CBF423E2D4F00035E396 /* appDic_0UITests.swift in Sources */,
			);
			runOnlyForDeploymentPostprocessing = 0;
		};
/* End PBXSourcesBuildPhase section */

/* Begin PBXTargetDependency section */
		7A33CBE623E2D4EF0035E396 /* PBXTargetDependency */ = {
			isa = PBXTargetDependency;
			target = 7A33CBCD23E2D4EE0035E396 /* appDic_0 */;
			targetProxy = 7A33CBE523E2D4EF0035E396 /* PBXContainerItemProxy */;
		};
		7A33CBF123E2D4F00035E396 /* PBXTargetDependency */ = {
			isa = PBXTargetDependency;
			target = 7A33CBCD23E2D4EE0035E396 /* appDic_0 */;
			targetProxy = 7A33CBF023E2D4F00035E396 /* PBXContainerItemProxy */;
		};
/* End PBXTargetDependency section */

/* Begin PBXVariantGroup section */
		7A33CBD723E2D4EE0035E396 /* Main.storyboard */ = {
			isa = PBXVariantGroup;
			children = (
				7A33CBD823E2D4EE0035E396 /* Base */,
			);
			name = Main.storyboard;
			sourceTree = "<group>";
		};
		7A33CBDC23E2D4EF0035E396 /* LaunchScreen.storyboard */ = {
			isa = PBXVariantGroup;
			children = (
				7A33CBDD23E2D4EF0035E396 /* Base */,
			);
			name = LaunchScreen.storyboard;
			sourceTree = "<group>";
		};
/* End PBXVariantGroup section */

/* Begin XCBuildConfiguration section */
		7A33CBF623E2D4F00035E396 /* Debug */ = {
			isa = XCBuildConfiguration;
			buildSettings = {
				ALWAYS_SEARCH_USER_PATHS = NO;
				CLANG_ANALYZER_NONNULL = YES;
				CLANG_ANALYZER_NUMBER_OBJECT_CONVERSION = YES_AGGRESSIVE;
				CLANG_CXX_LANGUAGE_STANDARD = "gnu++14";
				CLANG_CXX_LIBRARY = "libc++";
				CLANG_ENABLE_MODULES = YES;
				CLANG_ENABLE_OBJC_ARC = YES;
				CLANG_ENABLE_OBJC_WEAK = YES;
				CLANG_WARN_BLOCK_CAPTURE_AUTORELEASING = YES;
				CLANG_WARN_BOOL_CONVERSION = YES;
				CLANG_WARN_COMMA = YES;
				CLANG_WARN_CONSTANT_CONVERSION = YES;
				CLANG_WARN_DEPRECATED_OBJC_IMPLEMENTATIONS = YES;
				CLANG_WARN_DIRECT_OBJC_ISA_USAGE = YES_ERROR;
				CLANG_WARN_DOCUMENTATION_COMMENTS = YES;
				CLANG_WARN_EMPTY_BODY = YES;
				CLANG_WARN_ENUM_CONVERSION = YES;
				CLANG_WARN_INFINITE_RECURSION = YES;
				CLANG_WARN_INT_CONVERSION = YES;
				CLANG_WARN_NON_LITERAL_NULL_CONVERSION = YES;
				CLANG_WARN_OBJC_IMPLICIT_RETAIN_SELF = YES;
				CLANG_WARN_OBJC_LITERAL_CONVERSION = YES;
				CLANG_WARN_OBJC_ROOT_CLASS = YES_ERROR;
				CLANG_WARN_RANGE_LOOP_ANALYSIS = YES;
				CLANG_WARN_STRICT_PROTOTYPES = YES;
				CLANG_WARN_SUSPICIOUS_MOVE = YES;
				CLANG_WARN_UNGUARDED_AVAILABILITY = YES_AGGRESSIVE;
				CLANG_WARN_UNREACHABLE_CODE = YES;
				CLANG_WARN__DUPLICATE_METHOD_MATCH = YES;
				COPY_PHASE_STRIP = NO;
				DEBUG_INFORMATION_FORMAT = dwarf;
				ENABLE_STRICT_OBJC_MSGSEND = YES;
				ENABLE_TESTABILITY = YES;
				GCC_C_LANGUAGE_STANDARD = gnu11;
				GCC_DYNAMIC_NO_PIC = NO;
				GCC_NO_COMMON_BLOCKS = YES;
				GCC_OPTIMIZATION_LEVEL = 0;
				GCC_PREPROCESSOR_DEFINITIONS = (
					"DEBUG=1",
					"$(inherited)",
				);
				GCC_WARN_64_TO_32_BIT_CONVERSION = YES;
				GCC_WARN_ABOUT_RETURN_TYPE = YES_ERROR;
				GCC_WARN_UNDECLARED_SELECTOR = YES;
				GCC_WARN_UNINITIALIZED_AUTOS = YES_AGGRESSIVE;
				GCC_WARN_UNUSED_FUNCTION = YES;
				GCC_WARN_UNUSED_VARIABLE = YES;
				IPHONEOS_DEPLOYMENT_TARGET = 13.0;
				MTL_ENABLE_DEBUG_INFO = INCLUDE_SOURCE;
				MTL_FAST_MATH = YES;
				ONLY_ACTIVE_ARCH = YES;
				SDKROOT = iphoneos;
				SWIFT_ACTIVE_COMPILATION_CONDITIONS = DEBUG;
				SWIFT_OPTIMIZATION_LEVEL = "-Onone";
			};
			name = Debug;
		};
		7A33CBF723E2D4F00035E396 /* Release */ = {
			isa = XCBuildConfiguration;
			buildSettings = {
				ALWAYS_SEARCH_USER_PATHS = NO;
				CLANG_ANALYZER_NONNULL = YES;
				CLANG_ANALYZER_NUMBER_OBJECT_CONVERSION = YES_AGGRESSIVE;
				CLANG_CXX_LANGUAGE_STANDARD = "gnu++14";
				CLANG_CXX_LIBRARY = "libc++";
				CLANG_ENABLE_MODULES = YES;
				CLANG_ENABLE_OBJC_ARC = YES;
				CLANG_ENABLE_OBJC_WEAK = YES;
				CLANG_WARN_BLOCK_CAPTURE_AUTORELEASING = YES;
				CLANG_WARN_BOOL_CONVERSION = YES;
				CLANG_WARN_COMMA = YES;
				CLANG_WARN_CONSTANT_CONVERSION = YES;
				CLANG_WARN_DEPRECATED_OBJC_IMPLEMENTATIONS = YES;
				CLANG_WARN_DIRECT_OBJC_ISA_USAGE = YES_ERROR;
				CLANG_WARN_DOCUMENTATION_COMMENTS = YES;
				CLANG_WARN_EMPTY_BODY = YES;
				CLANG_WARN_ENUM_CONVERSION = YES;
				CLANG_WARN_INFINITE_RECURSION = YES;
				CLANG_WARN_INT_CONVERSION = YES;
				CLANG_WARN_NON_LITERAL_NULL_CONVERSION = YES;
				CLANG_WARN_OBJC_IMPLICIT_RETAIN_SELF = YES;
				CLANG_WARN_OBJC_LITERAL_CONVERSION = YES;
				CLANG_WARN_OBJC_ROOT_CLASS = YES_ERROR;
				CLANG_WARN_RANGE_LOOP_ANALYSIS = YES;
				CLANG_WARN_STRICT_PROTOTYPES = YES;
				CLANG_WARN_SUSPICIOUS_MOVE = YES;
				CLANG_WARN_UNGUARDED_AVAILABILITY = YES_AGGRESSIVE;
				CLANG_WARN_UNREACHABLE_CODE = YES;
				CLANG_WARN__DUPLICATE_METHOD_MATCH = YES;
				COPY_PHASE_STRIP = NO;
				DEBUG_INFORMATION_FORMAT = "dwarf-with-dsym";
				ENABLE_NS_ASSERTIONS = NO;
				ENABLE_STRICT_OBJC_MSGSEND = YES;
				GCC_C_LANGUAGE_STANDARD = gnu11;
				GCC_NO_COMMON_BLOCKS = YES;
				GCC_WARN_64_TO_32_BIT_CONVERSION = YES;
				GCC_WARN_ABOUT_RETURN_TYPE = YES_ERROR;
				GCC_WARN_UNDECLARED_SELECTOR = YES;
				GCC_WARN_UNINITIALIZED_AUTOS = YES_AGGRESSIVE;
				GCC_WARN_UNUSED_FUNCTION = YES;
				GCC_WARN_UNUSED_VARIABLE = YES;
				IPHONEOS_DEPLOYMENT_TARGET = 13.0;
				MTL_ENABLE_DEBUG_INFO = NO;
				MTL_FAST_MATH = YES;
				SDKROOT = iphoneos;
				SWIFT_COMPILATION_MODE = wholemodule;
				SWIFT_OPTIMIZATION_LEVEL = "-O";
				VALIDATE_PRODUCT = YES;
			};
			name = Release;
		};
		7A33CBF923E2D4F00035E396 /* Debug */ = {
			isa = XCBuildConfiguration;
			buildSettings = {
				ASSETCATALOG_COMPILER_APPICON_NAME = AppIcon;
				CODE_SIGN_STYLE = Automatic;
				DEVELOPMENT_TEAM = 2U5TN562R2;
				INFOPLIST_FILE = appDic_0/Info.plist;
				LD_RUNPATH_SEARCH_PATHS = (
					"$(inherited)",
					"@executable_path/Frameworks",
				);
				PRODUCT_BUNDLE_IDENTIFIER = "Lee.appDic-0";
				PRODUCT_NAME = "$(TARGET_NAME)";
				SWIFT_VERSION = 5.0;
				TARGETED_DEVICE_FAMILY = "1,2";
			};
			name = Debug;
		};
		7A33CBFA23E2D4F00035E396 /* Release */ = {
			isa = XCBuildConfiguration;
			buildSettings = {
				ASSETCATALOG_COMPILER_APPICON_NAME = AppIcon;
				CODE_SIGN_STYLE = Automatic;
				DEVELOPMENT_TEAM = 2U5TN562R2;
				INFOPLIST_FILE = appDic_0/Info.plist;
				LD_RUNPATH_SEARCH_PATHS = (
					"$(inherited)",
					"@executable_path/Frameworks",
				);
				PRODUCT_BUNDLE_IDENTIFIER = "Lee.appDic-0";
				PRODUCT_NAME = "$(TARGET_NAME)";
				SWIFT_VERSION = 5.0;
				TARGETED_DEVICE_FAMILY = "1,2";
			};
			name = Release;
		};
		7A33CBFC23E2D4F00035E396 /* Debug */ = {
			isa = XCBuildConfiguration;
			buildSettings = {
				ALWAYS_EMBED_SWIFT_STANDARD_LIBRARIES = YES;
				BUNDLE_LOADER = "$(TEST_HOST)";
				CODE_SIGN_STYLE = Automatic;
				DEVELOPMENT_TEAM = 2U5TN562R2;
				INFOPLIST_FILE = appDic_0Tests/Info.plist;
				IPHONEOS_DEPLOYMENT_TARGET = 13.0;
				LD_RUNPATH_SEARCH_PATHS = (
					"$(inherited)",
					"@executable_path/Frameworks",
					"@loader_path/Frameworks",
				);
				PRODUCT_BUNDLE_IDENTIFIER = "Lee.appDic-0Tests";
				PRODUCT_NAME = "$(TARGET_NAME)";
				SWIFT_VERSION = 5.0;
				TARGETED_DEVICE_FAMILY = "1,2";
				TEST_HOST = "$(BUILT_PRODUCTS_DIR)/appDic_0.app/appDic_0";
			};
			name = Debug;
		};
		7A33CBFD23E2D4F00035E396 /* Release */ = {
			isa = XCBuildConfiguration;
			buildSettings = {
				ALWAYS_EMBED_SWIFT_STANDARD_LIBRARIES = YES;
				BUNDLE_LOADER = "$(TEST_HOST)";
				CODE_SIGN_STYLE = Automatic;
				DEVELOPMENT_TEAM = 2U5TN562R2;
				INFOPLIST_FILE = appDic_0Tests/Info.plist;
				IPHONEOS_DEPLOYMENT_TARGET = 13.0;
				LD_RUNPATH_SEARCH_PATHS = (
					"$(inherited)",
					"@executable_path/Frameworks",
					"@loader_path/Frameworks",
				);
				PRODUCT_BUNDLE_IDENTIFIER = "Lee.appDic-0Tests";
				PRODUCT_NAME = "$(TARGET_NAME)";
				SWIFT_VERSION = 5.0;
				TARGETED_DEVICE_FAMILY = "1,2";
				TEST_HOST = "$(BUILT_PRODUCTS_DIR)/appDic_0.app/appDic_0";
			};
			name = Release;
		};
		7A33CBFF23E2D4F00035E396 /* Debug */ = {
			isa = XCBuildConfiguration;
			buildSettings = {
				ALWAYS_EMBED_SWIFT_STANDARD_LIBRARIES = YES;
				CODE_SIGN_STYLE = Automatic;
				DEVELOPMENT_TEAM = 2U5TN562R2;
				INFOPLIST_FILE = appDic_0UITests/Info.plist;
				LD_RUNPATH_SEARCH_PATHS = (
					"$(inherited)",
					"@executable_path/Frameworks",
					"@loader_path/Frameworks",
				);
				PRODUCT_BUNDLE_IDENTIFIER = "Lee.appDic-0UITests";
				PRODUCT_NAME = "$(TARGET_NAME)";
				SWIFT_VERSION = 5.0;
				TARGETED_DEVICE_FAMILY = "1,2";
				TEST_TARGET_NAME = appDic_0;
			};
			name = Debug;
		};
		7A33CC0023E2D4F00035E396 /* Release */ = {
			isa = XCBuildConfiguration;
			buildSettings = {
				ALWAYS_EMBED_SWIFT_STANDARD_LIBRARIES = YES;
				CODE_SIGN_STYLE = Automatic;
				DEVELOPMENT_TEAM = 2U5TN562R2;
				INFOPLIST_FILE = appDic_0UITests/Info.plist;
				LD_RUNPATH_SEARCH_PATHS = (
					"$(inherited)",
					"@executable_path/Frameworks",
					"@loader_path/Frameworks",
				);
				PRODUCT_BUNDLE_IDENTIFIER = "Lee.appDic-0UITests";
				PRODUCT_NAME = "$(TARGET_NAME)";
				SWIFT_VERSION = 5.0;
				TARGETED_DEVICE_FAMILY = "1,2";
				TEST_TARGET_NAME = appDic_0;
			};
			name = Release;
		};
/* End XCBuildConfiguration section */

/* Begin XCConfigurationList section */
		7A33CBC923E2D4EE0035E396 /* Build configuration list for PBXProject "appDic_0" */ = {
			isa = XCConfigurationList;
			buildConfigurations = (
				7A33CBF623E2D4F00035E396 /* Debug */,
				7A33CBF723E2D4F00035E396 /* Release */,
			);
			defaultConfigurationIsVisible = 0;
			defaultConfigurationName = Release;
		};
		7A33CBF823E2D4F00035E396 /* Build configuration list for PBXNativeTarget "appDic_0" */ = {
			isa = XCConfigurationList;
			buildConfigurations = (
				7A33CBF923E2D4F00035E396 /* Debug */,
				7A33CBFA23E2D4F00035E396 /* Release */,
			);
			defaultConfigurationIsVisible = 0;
			defaultConfigurationName = Release;
		};
		7A33CBFB23E2D4F00035E396 /* Build configuration list for PBXNativeTarget "appDic_0Tests" */ = {
			isa = XCConfigurationList;
			buildConfigurations = (
				7A33CBFC23E2D4F00035E396 /* Debug */,
				7A33CBFD23E2D4F00035E396 /* Release */,
			);
			defaultConfigurationIsVisible = 0;
			defaultConfigurationName = Release;
		};
		7A33CBFE23E2D4F00035E396 /* Build configuration list for PBXNativeTarget "appDic_0UITests" */ = {
			isa = XCConfigurationList;
			buildConfigurations = (
				7A33CBFF23E2D4F00035E396 /* Debug */,
				7A33CC0023E2D4F00035E396 /* Release */,
			);
			defaultConfigurationIsVisible = 0;
			defaultConfigurationName = Release;
		};
/* End XCConfigurationList section */
	};
	rootObject = 7A33CBC623E2D4EE0035E396 /* Project object */;
}
