// !$*UTF8*$!
{
	archiveVersion = 1;
	classes = {
	};
	objectVersion = 50;
	objects = {

/* Begin PBXBuildFile section */
		7A18F1DC23BDD57500399204 /* AppDelegate.swift in Sources */ = {isa = PBXBuildFile; fileRef = 7A18F1DB23BDD57500399204 /* AppDelegate.swift */; };
		7A18F1DE23BDD57500399204 /* SceneDelegate.swift in Sources */ = {isa = PBXBuildFile; fileRef = 7A18F1DD23BDD57500399204 /* SceneDelegate.swift */; };
		7A18F1E023BDD57500399204 /* ViewController.swift in Sources */ = {isa = PBXBuildFile; fileRef = 7A18F1DF23BDD57500399204 /* ViewController.swift */; };
		7A18F1E323BDD57500399204 /* Main.storyboard in Resources */ = {isa = PBXBuildFile; fileRef = 7A18F1E123BDD57500399204 /* Main.storyboard */; };
		7A18F1E523BDD57700399204 /* Assets.xcassets in Resources */ = {isa = PBXBuildFile; fileRef = 7A18F1E423BDD57700399204 /* Assets.xcassets */; };
		7A18F1E823BDD57700399204 /* LaunchScreen.storyboard in Resources */ = {isa = PBXBuildFile; fileRef = 7A18F1E623BDD57700399204 /* LaunchScreen.storyboard */; };
		7A18F1F323BDD57700399204 /* imageGallaryTests.swift in Sources */ = {isa = PBXBuildFile; fileRef = 7A18F1F223BDD57700399204 /* imageGallaryTests.swift */; };
		7A18F1FE23BDD57700399204 /* imageGallaryUITests.swift in Sources */ = {isa = PBXBuildFile; fileRef = 7A18F1FD23BDD57700399204 /* imageGallaryUITests.swift */; };
		7A18F21123BDD92C00399204 /* 3.jpg in Resources */ = {isa = PBXBuildFile; fileRef = 7A18F20B23BDD92B00399204 /* 3.jpg */; };
		7A18F21223BDD92C00399204 /* 6.jpg in Resources */ = {isa = PBXBuildFile; fileRef = 7A18F20C23BDD92B00399204 /* 6.jpg */; };
		7A18F21323BDD92C00399204 /* 2.jpg in Resources */ = {isa = PBXBuildFile; fileRef = 7A18F20D23BDD92B00399204 /* 2.jpg */; };
		7A18F21423BDD92C00399204 /* 1.jpg in Resources */ = {isa = PBXBuildFile; fileRef = 7A18F20E23BDD92B00399204 /* 1.jpg */; };
		7A18F21523BDD92C00399204 /* 4.jpg in Resources */ = {isa = PBXBuildFile; fileRef = 7A18F20F23BDD92B00399204 /* 4.jpg */; };
		7A18F21623BDD92C00399204 /* 5.jpg in Resources */ = {isa = PBXBuildFile; fileRef = 7A18F21023BDD92B00399204 /* 5.jpg */; };
/* End PBXBuildFile section */

/* Begin PBXContainerItemProxy section */
		7A18F1EF23BDD57700399204 /* PBXContainerItemProxy */ = {
			isa = PBXContainerItemProxy;
			containerPortal = 7A18F1D023BDD57500399204 /* Project object */;
			proxyType = 1;
			remoteGlobalIDString = 7A18F1D723BDD57500399204;
			remoteInfo = imageGallary;
		};
		7A18F1FA23BDD57700399204 /* PBXContainerItemProxy */ = {
			isa = PBXContainerItemProxy;
			containerPortal = 7A18F1D023BDD57500399204 /* Project object */;
			proxyType = 1;
			remoteGlobalIDString = 7A18F1D723BDD57500399204;
			remoteInfo = imageGallary;
		};
/* End PBXContainerItemProxy section */

/* Begin PBXFileReference section */
		7A18F1D823BDD57500399204 /* imageGallary.app */ = {isa = PBXFileReference; explicitFileType = wrapper.application; includeInIndex = 0; path = imageGallary.app; sourceTree = BUILT_PRODUCTS_DIR; };
		7A18F1DB23BDD57500399204 /* AppDelegate.swift */ = {isa = PBXFileReference; lastKnownFileType = sourcecode.swift; path = AppDelegate.swift; sourceTree = "<group>"; };
		7A18F1DD23BDD57500399204 /* SceneDelegate.swift */ = {isa = PBXFileReference; lastKnownFileType = sourcecode.swift; path = SceneDelegate.swift; sourceTree = "<group>"; };
		7A18F1DF23BDD57500399204 /* ViewController.swift */ = {isa = PBXFileReference; lastKnownFileType = sourcecode.swift; path = ViewController.swift; sourceTree = "<group>"; };
		7A18F1E223BDD57500399204 /* Base */ = {isa = PBXFileReference; lastKnownFileType = file.storyboard; name = Base; path = Base.lproj/Main.storyboard; sourceTree = "<group>"; };
		7A18F1E423BDD57700399204 /* Assets.xcassets */ = {isa = PBXFileReference; lastKnownFileType = folder.assetcatalog; path = Assets.xcassets; sourceTree = "<group>"; };
		7A18F1E723BDD57700399204 /* Base */ = {isa = PBXFileReference; lastKnownFileType = file.storyboard; name = Base; path = Base.lproj/LaunchScreen.storyboard; sourceTree = "<group>"; };
		7A18F1E923BDD57700399204 /* Info.plist */ = {isa = PBXFileReference; lastKnownFileType = text.plist.xml; path = Info.plist; sourceTree = "<group>"; };
		7A18F1EE23BDD57700399204 /* imageGallaryTests.xctest */ = {isa = PBXFileReference; explicitFileType = wrapper.cfbundle; includeInIndex = 0; path = imageGallaryTests.xctest; sourceTree = BUILT_PRODUCTS_DIR; };
		7A18F1F223BDD57700399204 /* imageGallaryTests.swift */ = {isa = PBXFileReference; lastKnownFileType = sourcecode.swift; path = imageGallaryTests.swift; sourceTree = "<group>"; };
		7A18F1F423BDD57700399204 /* Info.plist */ = {isa = PBXFileReference; lastKnownFileType = text.plist.xml; path = Info.plist; sourceTree = "<group>"; };
		7A18F1F923BDD57700399204 /* imageGallaryUITests.xctest */ = {isa = PBXFileReference; explicitFileType = wrapper.cfbundle; includeInIndex = 0; path = imageGallaryUITests.xctest; sourceTree = BUILT_PRODUCTS_DIR; };
		7A18F1FD23BDD57700399204 /* imageGallaryUITests.swift */ = {isa = PBXFileReference; lastKnownFileType = sourcecode.swift; path = imageGallaryUITests.swift; sourceTree = "<group>"; };
		7A18F1FF23BDD57700399204 /* Info.plist */ = {isa = PBXFileReference; lastKnownFileType = text.plist.xml; path = Info.plist; sourceTree = "<group>"; };
		7A18F20B23BDD92B00399204 /* 3.jpg */ = {isa = PBXFileReference; lastKnownFileType = image.jpeg; path = 3.jpg; sourceTree = "<group>"; };
		7A18F20C23BDD92B00399204 /* 6.jpg */ = {isa = PBXFileReference; lastKnownFileType = image.jpeg; path = 6.jpg; sourceTree = "<group>"; };
		7A18F20D23BDD92B00399204 /* 2.jpg */ = {isa = PBXFileReference; lastKnownFileType = image.jpeg; path = 2.jpg; sourceTree = "<group>"; };
		7A18F20E23BDD92B00399204 /* 1.jpg */ = {isa = PBXFileReference; lastKnownFileType = image.jpeg; path = 1.jpg; sourceTree = "<group>"; };
		7A18F20F23BDD92B00399204 /* 4.jpg */ = {isa = PBXFileReference; lastKnownFileType = image.jpeg; path = 4.jpg; sourceTree = "<group>"; };
		7A18F21023BDD92B00399204 /* 5.jpg */ = {isa = PBXFileReference; lastKnownFileType = image.jpeg; path = 5.jpg; sourceTree = "<group>"; };
/* End PBXFileReference section */

/* Begin PBXFrameworksBuildPhase section */
		7A18F1D523BDD57500399204 /* Frameworks */ = {
			isa = PBXFrameworksBuildPhase;
			buildActionMask = 2147483647;
			files = (
			);
			runOnlyForDeploymentPostprocessing = 0;
		};
		7A18F1EB23BDD57700399204 /* Frameworks */ = {
			isa = PBXFrameworksBuildPhase;
			buildActionMask = 2147483647;
			files = (
			);
			runOnlyForDeploymentPostprocessing = 0;
		};
		7A18F1F623BDD57700399204 /* Frameworks */ = {
			isa = PBXFrameworksBuildPhase;
			buildActionMask = 2147483647;
			files = (
			);
			runOnlyForDeploymentPostprocessing = 0;
		};
/* End PBXFrameworksBuildPhase section */

/* Begin PBXGroup section */
		7A18F1CF23BDD57500399204 = {
			isa = PBXGroup;
			children = (
				7A18F1DA23BDD57500399204 /* imageGallary */,
				7A18F1F123BDD57700399204 /* imageGallaryTests */,
				7A18F1FC23BDD57700399204 /* imageGallaryUITests */,
				7A18F1D923BDD57500399204 /* Products */,
			);
			sourceTree = "<group>";
		};
		7A18F1D923BDD57500399204 /* Products */ = {
			isa = PBXGroup;
			children = (
				7A18F1D823BDD57500399204 /* imageGallary.app */,
				7A18F1EE23BDD57700399204 /* imageGallaryTests.xctest */,
				7A18F1F923BDD57700399204 /* imageGallaryUITests.xctest */,
			);
			name = Products;
			sourceTree = "<group>";
		};
		7A18F1DA23BDD57500399204 /* imageGallary */ = {
			isa = PBXGroup;
			children = (
				7A18F20E23BDD92B00399204 /* 1.jpg */,
				7A18F20D23BDD92B00399204 /* 2.jpg */,
				7A18F20B23BDD92B00399204 /* 3.jpg */,
				7A18F20F23BDD92B00399204 /* 4.jpg */,
				7A18F21023BDD92B00399204 /* 5.jpg */,
				7A18F20C23BDD92B00399204 /* 6.jpg */,
				7A18F1DB23BDD57500399204 /* AppDelegate.swift */,
				7A18F1DD23BDD57500399204 /* SceneDelegate.swift */,
				7A18F1DF23BDD57500399204 /* ViewController.swift */,
				7A18F1E123BDD57500399204 /* Main.storyboard */,
				7A18F1E423BDD57700399204 /* Assets.xcassets */,
				7A18F1E623BDD57700399204 /* LaunchScreen.storyboard */,
				7A18F1E923BDD57700399204 /* Info.plist */,
			);
			path = imageGallary;
			sourceTree = "<group>";
		};
		7A18F1F123BDD57700399204 /* imageGallaryTests */ = {
			isa = PBXGroup;
			children = (
				7A18F1F223BDD57700399204 /* imageGallaryTests.swift */,
				7A18F1F423BDD57700399204 /* Info.plist */,
			);
			path = imageGallaryTests;
			sourceTree = "<group>";
		};
		7A18F1FC23BDD57700399204 /* imageGallaryUITests */ = {
			isa = PBXGroup;
			children = (
				7A18F1FD23BDD57700399204 /* imageGallaryUITests.swift */,
				7A18F1FF23BDD57700399204 /* Info.plist */,
			);
			path = imageGallaryUITests;
			sourceTree = "<group>";
		};
/* End PBXGroup section */

/* Begin PBXNativeTarget section */
		7A18F1D723BDD57500399204 /* imageGallary */ = {
			isa = PBXNativeTarget;
			buildConfigurationList = 7A18F20223BDD57700399204 /* Build configuration list for PBXNativeTarget "imageGallary" */;
			buildPhases = (
				7A18F1D423BDD57500399204 /* Sources */,
				7A18F1D523BDD57500399204 /* Frameworks */,
				7A18F1D623BDD57500399204 /* Resources */,
			);
			buildRules = (
			);
			dependencies = (
			);
			name = imageGallary;
			productName = imageGallary;
			productReference = 7A18F1D823BDD57500399204 /* imageGallary.app */;
			productType = "com.apple.product-type.application";
		};
		7A18F1ED23BDD57700399204 /* imageGallaryTests */ = {
			isa = PBXNativeTarget;
			buildConfigurationList = 7A18F20523BDD57700399204 /* Build configuration list for PBXNativeTarget "imageGallaryTests" */;
			buildPhases = (
				7A18F1EA23BDD57700399204 /* Sources */,
				7A18F1EB23BDD57700399204 /* Frameworks */,
				7A18F1EC23BDD57700399204 /* Resources */,
			);
			buildRules = (
			);
			dependencies = (
				7A18F1F023BDD57700399204 /* PBXTargetDependency */,
			);
			name = imageGallaryTests;
			productName = imageGallaryTests;
			productReference = 7A18F1EE23BDD57700399204 /* imageGallaryTests.xctest */;
			productType = "com.apple.product-type.bundle.unit-test";
		};
		7A18F1F823BDD57700399204 /* imageGallaryUITests */ = {
			isa = PBXNativeTarget;
			buildConfigurationList = 7A18F20823BDD57700399204 /* Build configuration list for PBXNativeTarget "imageGallaryUITests" */;
			buildPhases = (
				7A18F1F523BDD57700399204 /* Sources */,
				7A18F1F623BDD57700399204 /* Frameworks */,
				7A18F1F723BDD57700399204 /* Resources */,
			);
			buildRules = (
			);
			dependencies = (
				7A18F1FB23BDD57700399204 /* PBXTargetDependency */,
			);
			name = imageGallaryUITests;
			productName = imageGallaryUITests;
			productReference = 7A18F1F923BDD57700399204 /* imageGallaryUITests.xctest */;
			productType = "com.apple.product-type.bundle.ui-testing";
		};
/* End PBXNativeTarget section */

/* Begin PBXProject section */
		7A18F1D023BDD57500399204 /* Project object */ = {
			isa = PBXProject;
			attributes = {
				LastSwiftUpdateCheck = 1100;
				LastUpgradeCheck = 1100;
				ORGANIZATIONNAME = "이서현";
				TargetAttributes = {
					7A18F1D723BDD57500399204 = {
						CreatedOnToolsVersion = 11.0;
					};
					7A18F1ED23BDD57700399204 = {
						CreatedOnToolsVersion = 11.0;
						TestTargetID = 7A18F1D723BDD57500399204;
					};
					7A18F1F823BDD57700399204 = {
						CreatedOnToolsVersion = 11.0;
						TestTargetID = 7A18F1D723BDD57500399204;
					};
				};
			};
			buildConfigurationList = 7A18F1D323BDD57500399204 /* Build configuration list for PBXProject "imageGallary" */;
			compatibilityVersion = "Xcode 9.3";
			developmentRegion = en;
			hasScannedForEncodings = 0;
			knownRegions = (
				en,
				Base,
			);
			mainGroup = 7A18F1CF23BDD57500399204;
			productRefGroup = 7A18F1D923BDD57500399204 /* Products */;
			projectDirPath = "";
			projectRoot = "";
			targets = (
				7A18F1D723BDD57500399204 /* imageGallary */,
				7A18F1ED23BDD57700399204 /* imageGallaryTests */,
				7A18F1F823BDD57700399204 /* imageGallaryUITests */,
			);
		};
/* End PBXProject section */

/* Begin PBXResourcesBuildPhase section */
		7A18F1D623BDD57500399204 /* Resources */ = {
			isa = PBXResourcesBuildPhase;
			buildActionMask = 2147483647;
			files = (
				7A18F21523BDD92C00399204 /* 4.jpg in Resources */,
				7A18F21323BDD92C00399204 /* 2.jpg in Resources */,
				7A18F1E823BDD57700399204 /* LaunchScreen.storyboard in Resources */,
				7A18F21623BDD92C00399204 /* 5.jpg in Resources */,
				7A18F1E523BDD57700399204 /* Assets.xcassets in Resources */,
				7A18F1E323BDD57500399204 /* Main.storyboard in Resources */,
				7A18F21123BDD92C00399204 /* 3.jpg in Resources */,
				7A18F21223BDD92C00399204 /* 6.jpg in Resources */,
				7A18F21423BDD92C00399204 /* 1.jpg in Resources */,
			);
			runOnlyForDeploymentPostprocessing = 0;
		};
		7A18F1EC23BDD57700399204 /* Resources */ = {
			isa = PBXResourcesBuildPhase;
			buildActionMask = 2147483647;
			files = (
			);
			runOnlyForDeploymentPostprocessing = 0;
		};
		7A18F1F723BDD57700399204 /* Resources */ = {
			isa = PBXResourcesBuildPhase;
			buildActionMask = 2147483647;
			files = (
			);
			runOnlyForDeploymentPostprocessing = 0;
		};
/* End PBXResourcesBuildPhase section */

/* Begin PBXSourcesBuildPhase section */
		7A18F1D423BDD57500399204 /* Sources */ = {
			isa = PBXSourcesBuildPhase;
			buildActionMask = 2147483647;
			files = (
				7A18F1E023BDD57500399204 /* ViewController.swift in Sources */,
				7A18F1DC23BDD57500399204 /* AppDelegate.swift in Sources */,
				7A18F1DE23BDD57500399204 /* SceneDelegate.swift in Sources */,
			);
			runOnlyForDeploymentPostprocessing = 0;
		};
		7A18F1EA23BDD57700399204 /* Sources */ = {
			isa = PBXSourcesBuildPhase;
			buildActionMask = 2147483647;
			files = (
				7A18F1F323BDD57700399204 /* imageGallaryTests.swift in Sources */,
			);
			runOnlyForDeploymentPostprocessing = 0;
		};
		7A18F1F523BDD57700399204 /* Sources */ = {
			isa = PBXSourcesBuildPhase;
			buildActionMask = 2147483647;
			files = (
				7A18F1FE23BDD57700399204 /* imageGallaryUITests.swift in Sources */,
			);
			runOnlyForDeploymentPostprocessing = 0;
		};
/* End PBXSourcesBuildPhase section */

/* Begin PBXTargetDependency section */
		7A18F1F023BDD57700399204 /* PBXTargetDependency */ = {
			isa = PBXTargetDependency;
			target = 7A18F1D723BDD57500399204 /* imageGallary */;
			targetProxy = 7A18F1EF23BDD57700399204 /* PBXContainerItemProxy */;
		};
		7A18F1FB23BDD57700399204 /* PBXTargetDependency */ = {
			isa = PBXTargetDependency;
			target = 7A18F1D723BDD57500399204 /* imageGallary */;
			targetProxy = 7A18F1FA23BDD57700399204 /* PBXContainerItemProxy */;
		};
/* End PBXTargetDependency section */

/* Begin PBXVariantGroup section */
		7A18F1E123BDD57500399204 /* Main.storyboard */ = {
			isa = PBXVariantGroup;
			children = (
				7A18F1E223BDD57500399204 /* Base */,
			);
			name = Main.storyboard;
			sourceTree = "<group>";
		};
		7A18F1E623BDD57700399204 /* LaunchScreen.storyboard */ = {
			isa = PBXVariantGroup;
			children = (
				7A18F1E723BDD57700399204 /* Base */,
			);
			name = LaunchScreen.storyboard;
			sourceTree = "<group>";
		};
/* End PBXVariantGroup section */

/* Begin XCBuildConfiguration section */
		7A18F20023BDD57700399204 /* Debug */ = {
			isa = XCBuildConfiguration;
			buildSettings = {
				ALWAYS_SEARCH_USER_PATHS = NO;
				CLANG_ANALYZER_NONNULL = YES;
				CLANG_ANALYZER_NUMBER_OBJECT_CONVERSION = YES_AGGRESSIVE;
				CLANG_CXX_LANGUAGE_STANDARD = "gnu++14";
				CLANG_CXX_LIBRARY = "libc++";
				CLANG_ENABLE_MODULES = YES;
				CLANG_ENABLE_OBJC_ARC = YES;
				CLANG_ENABLE_OBJC_WEAK = YES;
				CLANG_WARN_BLOCK_CAPTURE_AUTORELEASING = YES;
				CLANG_WARN_BOOL_CONVERSION = YES;
				CLANG_WARN_COMMA = YES;
				CLANG_WARN_CONSTANT_CONVERSION = YES;
				CLANG_WARN_DEPRECATED_OBJC_IMPLEMENTATIONS = YES;
				CLANG_WARN_DIRECT_OBJC_ISA_USAGE = YES_ERROR;
				CLANG_WARN_DOCUMENTATION_COMMENTS = YES;
				CLANG_WARN_EMPTY_BODY = YES;
				CLANG_WARN_ENUM_CONVERSION = YES;
				CLANG_WARN_INFINITE_RECURSION = YES;
				CLANG_WARN_INT_CONVERSION = YES;
				CLANG_WARN_NON_LITERAL_NULL_CONVERSION = YES;
				CLANG_WARN_OBJC_IMPLICIT_RETAIN_SELF = YES;
				CLANG_WARN_OBJC_LITERAL_CONVERSION = YES;
				CLANG_WARN_OBJC_ROOT_CLASS = YES_ERROR;
				CLANG_WARN_RANGE_LOOP_ANALYSIS = YES;
				CLANG_WARN_STRICT_PROTOTYPES = YES;
				CLANG_WARN_SUSPICIOUS_MOVE = YES;
				CLANG_WARN_UNGUARDED_AVAILABILITY = YES_AGGRESSIVE;
				CLANG_WARN_UNREACHABLE_CODE = YES;
				CLANG_WARN__DUPLICATE_METHOD_MATCH = YES;
				COPY_PHASE_STRIP = NO;
				DEBUG_INFORMATION_FORMAT = dwarf;
				ENABLE_STRICT_OBJC_MSGSEND = YES;
				ENABLE_TESTABILITY = YES;
				GCC_C_LANGUAGE_STANDARD = gnu11;
				GCC_DYNAMIC_NO_PIC = NO;
				GCC_NO_COMMON_BLOCKS = YES;
				GCC_OPTIMIZATION_LEVEL = 0;
				GCC_PREPROCESSOR_DEFINITIONS = (
					"DEBUG=1",
					"$(inherited)",
				);
				GCC_WARN_64_TO_32_BIT_CONVERSION = YES;
				GCC_WARN_ABOUT_RETURN_TYPE = YES_ERROR;
				GCC_WARN_UNDECLARED_SELECTOR = YES;
				GCC_WARN_UNINITIALIZED_AUTOS = YES_AGGRESSIVE;
				GCC_WARN_UNUSED_FUNCTION = YES;
				GCC_WARN_UNUSED_VARIABLE = YES;
				IPHONEOS_DEPLOYMENT_TARGET = 13.0;
				MTL_ENABLE_DEBUG_INFO = INCLUDE_SOURCE;
				MTL_FAST_MATH = YES;
				ONLY_ACTIVE_ARCH = YES;
				SDKROOT = iphoneos;
				SWIFT_ACTIVE_COMPILATION_CONDITIONS = DEBUG;
				SWIFT_OPTIMIZATION_LEVEL = "-Onone";
			};
			name = Debug;
		};
		7A18F20123BDD57700399204 /* Release */ = {
			isa = XCBuildConfiguration;
			buildSettings = {
				ALWAYS_SEARCH_USER_PATHS = NO;
				CLANG_ANALYZER_NONNULL = YES;
				CLANG_ANALYZER_NUMBER_OBJECT_CONVERSION = YES_AGGRESSIVE;
				CLANG_CXX_LANGUAGE_STANDARD = "gnu++14";
				CLANG_CXX_LIBRARY = "libc++";
				CLANG_ENABLE_MODULES = YES;
				CLANG_ENABLE_OBJC_ARC = YES;
				CLANG_ENABLE_OBJC_WEAK = YES;
				CLANG_WARN_BLOCK_CAPTURE_AUTORELEASING = YES;
				CLANG_WARN_BOOL_CONVERSION = YES;
				CLANG_WARN_COMMA = YES;
				CLANG_WARN_CONSTANT_CONVERSION = YES;
				CLANG_WARN_DEPRECATED_OBJC_IMPLEMENTATIONS = YES;
				CLANG_WARN_DIRECT_OBJC_ISA_USAGE = YES_ERROR;
				CLANG_WARN_DOCUMENTATION_COMMENTS = YES;
				CLANG_WARN_EMPTY_BODY = YES;
				CLANG_WARN_ENUM_CONVERSION = YES;
				CLANG_WARN_INFINITE_RECURSION = YES;
				CLANG_WARN_INT_CONVERSION = YES;
				CLANG_WARN_NON_LITERAL_NULL_CONVERSION = YES;
				CLANG_WARN_OBJC_IMPLICIT_RETAIN_SELF = YES;
				CLANG_WARN_OBJC_LITERAL_CONVERSION = YES;
				CLANG_WARN_OBJC_ROOT_CLASS = YES_ERROR;
				CLANG_WARN_RANGE_LOOP_ANALYSIS = YES;
				CLANG_WARN_STRICT_PROTOTYPES = YES;
				CLANG_WARN_SUSPICIOUS_MOVE = YES;
				CLANG_WARN_UNGUARDED_AVAILABILITY = YES_AGGRESSIVE;
				CLANG_WARN_UNREACHABLE_CODE = YES;
				CLANG_WARN__DUPLICATE_METHOD_MATCH = YES;
				COPY_PHASE_STRIP = NO;
				DEBUG_INFORMATION_FORMAT = "dwarf-with-dsym";
				ENABLE_NS_ASSERTIONS = NO;
				ENABLE_STRICT_OBJC_MSGSEND = YES;
				GCC_C_LANGUAGE_STANDARD = gnu11;
				GCC_NO_COMMON_BLOCKS = YES;
				GCC_WARN_64_TO_32_BIT_CONVERSION = YES;
				GCC_WARN_ABOUT_RETURN_TYPE = YES_ERROR;
				GCC_WARN_UNDECLARED_SELECTOR = YES;
				GCC_WARN_UNINITIALIZED_AUTOS = YES_AGGRESSIVE;
				GCC_WARN_UNUSED_FUNCTION = YES;
				GCC_WARN_UNUSED_VARIABLE = YES;
				IPHONEOS_DEPLOYMENT_TARGET = 13.0;
				MTL_ENABLE_DEBUG_INFO = NO;
				MTL_FAST_MATH = YES;
				SDKROOT = iphoneos;
				SWIFT_COMPILATION_MODE = wholemodule;
				SWIFT_OPTIMIZATION_LEVEL = "-O";
				VALIDATE_PRODUCT = YES;
			};
			name = Release;
		};
		7A18F20323BDD57700399204 /* Debug */ = {
			isa = XCBuildConfiguration;
			buildSettings = {
				ASSETCATALOG_COMPILER_APPICON_NAME = AppIcon;
				CODE_SIGN_STYLE = Automatic;
				INFOPLIST_FILE = imageGallary/Info.plist;
				LD_RUNPATH_SEARCH_PATHS = (
					"$(inherited)",
					"@executable_path/Frameworks",
				);
				PRODUCT_BUNDLE_IDENTIFIER = Lee.imageGallary;
				PRODUCT_NAME = "$(TARGET_NAME)";
				SWIFT_VERSION = 5.0;
				TARGETED_DEVICE_FAMILY = "1,2";
			};
			name = Debug;
		};
		7A18F20423BDD57700399204 /* Release */ = {
			isa = XCBuildConfiguration;
			buildSettings = {
				ASSETCATALOG_COMPILER_APPICON_NAME = AppIcon;
				CODE_SIGN_STYLE = Automatic;
				INFOPLIST_FILE = imageGallary/Info.plist;
				LD_RUNPATH_SEARCH_PATHS = (
					"$(inherited)",
					"@executable_path/Frameworks",
				);
				PRODUCT_BUNDLE_IDENTIFIER = Lee.imageGallary;
				PRODUCT_NAME = "$(TARGET_NAME)";
				SWIFT_VERSION = 5.0;
				TARGETED_DEVICE_FAMILY = "1,2";
			};
			name = Release;
		};
		7A18F20623BDD57700399204 /* Debug */ = {
			isa = XCBuildConfiguration;
			buildSettings = {
				ALWAYS_EMBED_SWIFT_STANDARD_LIBRARIES = YES;
				BUNDLE_LOADER = "$(TEST_HOST)";
				CODE_SIGN_STYLE = Automatic;
				INFOPLIST_FILE = imageGallaryTests/Info.plist;
				IPHONEOS_DEPLOYMENT_TARGET = 13.0;
				LD_RUNPATH_SEARCH_PATHS = (
					"$(inherited)",
					"@executable_path/Frameworks",
					"@loader_path/Frameworks",
				);
				PRODUCT_BUNDLE_IDENTIFIER = Lee.imageGallaryTests;
				PRODUCT_NAME = "$(TARGET_NAME)";
				SWIFT_VERSION = 5.0;
				TARGETED_DEVICE_FAMILY = "1,2";
				TEST_HOST = "$(BUILT_PRODUCTS_DIR)/imageGallary.app/imageGallary";
			};
			name = Debug;
		};
		7A18F20723BDD57700399204 /* Release */ = {
			isa = XCBuildConfiguration;
			buildSettings = {
				ALWAYS_EMBED_SWIFT_STANDARD_LIBRARIES = YES;
				BUNDLE_LOADER = "$(TEST_HOST)";
				CODE_SIGN_STYLE = Automatic;
				INFOPLIST_FILE = imageGallaryTests/Info.plist;
				IPHONEOS_DEPLOYMENT_TARGET = 13.0;
				LD_RUNPATH_SEARCH_PATHS = (
					"$(inherited)",
					"@executable_path/Frameworks",
					"@loader_path/Frameworks",
				);
				PRODUCT_BUNDLE_IDENTIFIER = Lee.imageGallaryTests;
				PRODUCT_NAME = "$(TARGET_NAME)";
				SWIFT_VERSION = 5.0;
				TARGETED_DEVICE_FAMILY = "1,2";
				TEST_HOST = "$(BUILT_PRODUCTS_DIR)/imageGallary.app/imageGallary";
			};
			name = Release;
		};
		7A18F20923BDD57700399204 /* Debug */ = {
			isa = XCBuildConfiguration;
			buildSettings = {
				ALWAYS_EMBED_SWIFT_STANDARD_LIBRARIES = YES;
				CODE_SIGN_STYLE = Automatic;
				INFOPLIST_FILE = imageGallaryUITests/Info.plist;
				LD_RUNPATH_SEARCH_PATHS = (
					"$(inherited)",
					"@executable_path/Frameworks",
					"@loader_path/Frameworks",
				);
				PRODUCT_BUNDLE_IDENTIFIER = Lee.imageGallaryUITests;
				PRODUCT_NAME = "$(TARGET_NAME)";
				SWIFT_VERSION = 5.0;
				TARGETED_DEVICE_FAMILY = "1,2";
				TEST_TARGET_NAME = imageGallary;
			};
			name = Debug;
		};
		7A18F20A23BDD57700399204 /* Release */ = {
			isa = XCBuildConfiguration;
			buildSettings = {
				ALWAYS_EMBED_SWIFT_STANDARD_LIBRARIES = YES;
				CODE_SIGN_STYLE = Automatic;
				INFOPLIST_FILE = imageGallaryUITests/Info.plist;
				LD_RUNPATH_SEARCH_PATHS = (
					"$(inherited)",
					"@executable_path/Frameworks",
					"@loader_path/Frameworks",
				);
				PRODUCT_BUNDLE_IDENTIFIER = Lee.imageGallaryUITests;
				PRODUCT_NAME = "$(TARGET_NAME)";
				SWIFT_VERSION = 5.0;
				TARGETED_DEVICE_FAMILY = "1,2";
				TEST_TARGET_NAME = imageGallary;
			};
			name = Release;
		};
/* End XCBuildConfiguration section */

/* Begin XCConfigurationList section */
		7A18F1D323BDD57500399204 /* Build configuration list for PBXProject "imageGallary" */ = {
			isa = XCConfigurationList;
			buildConfigurations = (
				7A18F20023BDD57700399204 /* Debug */,
				7A18F20123BDD57700399204 /* Release */,
			);
			defaultConfigurationIsVisible = 0;
			defaultConfigurationName = Release;
		};
		7A18F20223BDD57700399204 /* Build configuration list for PBXNativeTarget "imageGallary" */ = {
			isa = XCConfigurationList;
			buildConfigurations = (
				7A18F20323BDD57700399204 /* Debug */,
				7A18F20423BDD57700399204 /* Release */,
			);
			defaultConfigurationIsVisible = 0;
			defaultConfigurationName = Release;
		};
		7A18F20523BDD57700399204 /* Build configuration list for PBXNativeTarget "imageGallaryTests" */ = {
			isa = XCConfigurationList;
			buildConfigurations = (
				7A18F20623BDD57700399204 /* Debug */,
				7A18F20723BDD57700399204 /* Release */,
			);
			defaultConfigurationIsVisible = 0;
			defaultConfigurationName = Release;
		};
		7A18F20823BDD57700399204 /* Build configuration list for PBXNativeTarget "imageGallaryUITests" */ = {
			isa = XCConfigurationList;
			buildConfigurations = (
				7A18F20923BDD57700399204 /* Debug */,
				7A18F20A23BDD57700399204 /* Release */,
			);
			defaultConfigurationIsVisible = 0;
			defaultConfigurationName = Release;
		};
/* End XCConfigurationList section */
	};
	rootObject = 7A18F1D023BDD57500399204 /* Project object */;
}
