// !$*UTF8*$!
{
	archiveVersion = 1;
	classes = {
	};
	objectVersion = 50;
	objects = {

/* Begin PBXBuildFile section */
		7A477BD323BC6E0000379742 /* bulbON.png in Resources */ = {isa = PBXBuildFile; fileRef = 7A477BD123BC6E0000379742 /* bulbON.png */; };
		7A477BD423BC6E0000379742 /* bulbOFF.png in Resources */ = {isa = PBXBuildFile; fileRef = 7A477BD223BC6E0000379742 /* bulbOFF.png */; };
		7A8FE63923B9E77900AFDC98 /* AppDelegate.swift in Sources */ = {isa = PBXBuildFile; fileRef = 7A8FE63823B9E77900AFDC98 /* AppDelegate.swift */; };
		7A8FE63B23B9E77900AFDC98 /* SceneDelegate.swift in Sources */ = {isa = PBXBuildFile; fileRef = 7A8FE63A23B9E77900AFDC98 /* SceneDelegate.swift */; };
		7A8FE63D23B9E77900AFDC98 /* ViewController.swift in Sources */ = {isa = PBXBuildFile; fileRef = 7A8FE63C23B9E77900AFDC98 /* ViewController.swift */; };
		7A8FE64023B9E77900AFDC98 /* Main.storyboard in Resources */ = {isa = PBXBuildFile; fileRef = 7A8FE63E23B9E77900AFDC98 /* Main.storyboard */; };
		7A8FE64223B9E77900AFDC98 /* Assets.xcassets in Resources */ = {isa = PBXBuildFile; fileRef = 7A8FE64123B9E77900AFDC98 /* Assets.xcassets */; };
		7A8FE64523B9E77900AFDC98 /* LaunchScreen.storyboard in Resources */ = {isa = PBXBuildFile; fileRef = 7A8FE64323B9E77900AFDC98 /* LaunchScreen.storyboard */; };
		7A8FE65023B9E77900AFDC98 /* imageViewTests.swift in Sources */ = {isa = PBXBuildFile; fileRef = 7A8FE64F23B9E77900AFDC98 /* imageViewTests.swift */; };
		7A8FE65B23B9E77900AFDC98 /* imageViewUITests.swift in Sources */ = {isa = PBXBuildFile; fileRef = 7A8FE65A23B9E77900AFDC98 /* imageViewUITests.swift */; };
/* End PBXBuildFile section */

/* Begin PBXContainerItemProxy section */
		7A8FE64C23B9E77900AFDC98 /* PBXContainerItemProxy */ = {
			isa = PBXContainerItemProxy;
			containerPortal = 7A8FE62D23B9E77900AFDC98 /* Project object */;
			proxyType = 1;
			remoteGlobalIDString = 7A8FE63423B9E77900AFDC98;
			remoteInfo = imageView;
		};
		7A8FE65723B9E77900AFDC98 /* PBXContainerItemProxy */ = {
			isa = PBXContainerItemProxy;
			containerPortal = 7A8FE62D23B9E77900AFDC98 /* Project object */;
			proxyType = 1;
			remoteGlobalIDString = 7A8FE63423B9E77900AFDC98;
			remoteInfo = imageView;
		};
/* End PBXContainerItemProxy section */

/* Begin PBXFileReference section */
		7A477BD123BC6E0000379742 /* bulbON.png */ = {isa = PBXFileReference; lastKnownFileType = image.png; path = bulbON.png; sourceTree = "<group>"; };
		7A477BD223BC6E0000379742 /* bulbOFF.png */ = {isa = PBXFileReference; lastKnownFileType = image.png; path = bulbOFF.png; sourceTree = "<group>"; };
		7A8FE63523B9E77900AFDC98 /* imageView.app */ = {isa = PBXFileReference; explicitFileType = wrapper.application; includeInIndex = 0; path = imageView.app; sourceTree = BUILT_PRODUCTS_DIR; };
		7A8FE63823B9E77900AFDC98 /* AppDelegate.swift */ = {isa = PBXFileReference; lastKnownFileType = sourcecode.swift; path = AppDelegate.swift; sourceTree = "<group>"; };
		7A8FE63A23B9E77900AFDC98 /* SceneDelegate.swift */ = {isa = PBXFileReference; lastKnownFileType = sourcecode.swift; path = SceneDelegate.swift; sourceTree = "<group>"; };
		7A8FE63C23B9E77900AFDC98 /* ViewController.swift */ = {isa = PBXFileReference; lastKnownFileType = sourcecode.swift; path = ViewController.swift; sourceTree = "<group>"; };
		7A8FE63F23B9E77900AFDC98 /* Base */ = {isa = PBXFileReference; lastKnownFileType = file.storyboard; name = Base; path = Base.lproj/Main.storyboard; sourceTree = "<group>"; };
		7A8FE64123B9E77900AFDC98 /* Assets.xcassets */ = {isa = PBXFileReference; lastKnownFileType = folder.assetcatalog; path = Assets.xcassets; sourceTree = "<group>"; };
		7A8FE64423B9E77900AFDC98 /* Base */ = {isa = PBXFileReference; lastKnownFileType = file.storyboard; name = Base; path = Base.lproj/LaunchScreen.storyboard; sourceTree = "<group>"; };
		7A8FE64623B9E77900AFDC98 /* Info.plist */ = {isa = PBXFileReference; lastKnownFileType = text.plist.xml; path = Info.plist; sourceTree = "<group>"; };
		7A8FE64B23B9E77900AFDC98 /* imageViewTests.xctest */ = {isa = PBXFileReference; explicitFileType = wrapper.cfbundle; includeInIndex = 0; path = imageViewTests.xctest; sourceTree = BUILT_PRODUCTS_DIR; };
		7A8FE64F23B9E77900AFDC98 /* imageViewTests.swift */ = {isa = PBXFileReference; lastKnownFileType = sourcecode.swift; path = imageViewTests.swift; sourceTree = "<group>"; };
		7A8FE65123B9E77900AFDC98 /* Info.plist */ = {isa = PBXFileReference; lastKnownFileType = text.plist.xml; path = Info.plist; sourceTree = "<group>"; };
		7A8FE65623B9E77900AFDC98 /* imageViewUITests.xctest */ = {isa = PBXFileReference; explicitFileType = wrapper.cfbundle; includeInIndex = 0; path = imageViewUITests.xctest; sourceTree = BUILT_PRODUCTS_DIR; };
		7A8FE65A23B9E77900AFDC98 /* imageViewUITests.swift */ = {isa = PBXFileReference; lastKnownFileType = sourcecode.swift; path = imageViewUITests.swift; sourceTree = "<group>"; };
		7A8FE65C23B9E77900AFDC98 /* Info.plist */ = {isa = PBXFileReference; lastKnownFileType = text.plist.xml; path = Info.plist; sourceTree = "<group>"; };
/* End PBXFileReference section */

/* Begin PBXFrameworksBuildPhase section */
		7A8FE63223B9E77900AFDC98 /* Frameworks */ = {
			isa = PBXFrameworksBuildPhase;
			buildActionMask = 2147483647;
			files = (
			);
			runOnlyForDeploymentPostprocessing = 0;
		};
		7A8FE64823B9E77900AFDC98 /* Frameworks */ = {
			isa = PBXFrameworksBuildPhase;
			buildActionMask = 2147483647;
			files = (
			);
			runOnlyForDeploymentPostprocessing = 0;
		};
		7A8FE65323B9E77900AFDC98 /* Frameworks */ = {
			isa = PBXFrameworksBuildPhase;
			buildActionMask = 2147483647;
			files = (
			);
			runOnlyForDeploymentPostprocessing = 0;
		};
/* End PBXFrameworksBuildPhase section */

/* Begin PBXGroup section */
		7A8FE62C23B9E77900AFDC98 = {
			isa = PBXGroup;
			children = (
				7A8FE63723B9E77900AFDC98 /* imageView */,
				7A8FE64E23B9E77900AFDC98 /* imageViewTests */,
				7A8FE65923B9E77900AFDC98 /* imageViewUITests */,
				7A8FE63623B9E77900AFDC98 /* Products */,
			);
			sourceTree = "<group>";
		};
		7A8FE63623B9E77900AFDC98 /* Products */ = {
			isa = PBXGroup;
			children = (
				7A8FE63523B9E77900AFDC98 /* imageView.app */,
				7A8FE64B23B9E77900AFDC98 /* imageViewTests.xctest */,
				7A8FE65623B9E77900AFDC98 /* imageViewUITests.xctest */,
			);
			name = Products;
			sourceTree = "<group>";
		};
		7A8FE63723B9E77900AFDC98 /* imageView */ = {
			isa = PBXGroup;
			children = (
				7A477BD223BC6E0000379742 /* bulbOFF.png */,
				7A477BD123BC6E0000379742 /* bulbON.png */,
				7A8FE63823B9E77900AFDC98 /* AppDelegate.swift */,
				7A8FE63A23B9E77900AFDC98 /* SceneDelegate.swift */,
				7A8FE63C23B9E77900AFDC98 /* ViewController.swift */,
				7A8FE63E23B9E77900AFDC98 /* Main.storyboard */,
				7A8FE64123B9E77900AFDC98 /* Assets.xcassets */,
				7A8FE64323B9E77900AFDC98 /* LaunchScreen.storyboard */,
				7A8FE64623B9E77900AFDC98 /* Info.plist */,
			);
			path = imageView;
			sourceTree = "<group>";
		};
		7A8FE64E23B9E77900AFDC98 /* imageViewTests */ = {
			isa = PBXGroup;
			children = (
				7A8FE64F23B9E77900AFDC98 /* imageViewTests.swift */,
				7A8FE65123B9E77900AFDC98 /* Info.plist */,
			);
			path = imageViewTests;
			sourceTree = "<group>";
		};
		7A8FE65923B9E77900AFDC98 /* imageViewUITests */ = {
			isa = PBXGroup;
			children = (
				7A8FE65A23B9E77900AFDC98 /* imageViewUITests.swift */,
				7A8FE65C23B9E77900AFDC98 /* Info.plist */,
			);
			path = imageViewUITests;
			sourceTree = "<group>";
		};
/* End PBXGroup section */

/* Begin PBXNativeTarget section */
		7A8FE63423B9E77900AFDC98 /* imageView */ = {
			isa = PBXNativeTarget;
			buildConfigurationList = 7A8FE65F23B9E77900AFDC98 /* Build configuration list for PBXNativeTarget "imageView" */;
			buildPhases = (
				7A8FE63123B9E77900AFDC98 /* Sources */,
				7A8FE63223B9E77900AFDC98 /* Frameworks */,
				7A8FE63323B9E77900AFDC98 /* Resources */,
			);
			buildRules = (
			);
			dependencies = (
			);
			name = imageView;
			productName = imageView;
			productReference = 7A8FE63523B9E77900AFDC98 /* imageView.app */;
			productType = "com.apple.product-type.application";
		};
		7A8FE64A23B9E77900AFDC98 /* imageViewTests */ = {
			isa = PBXNativeTarget;
			buildConfigurationList = 7A8FE66223B9E77900AFDC98 /* Build configuration list for PBXNativeTarget "imageViewTests" */;
			buildPhases = (
				7A8FE64723B9E77900AFDC98 /* Sources */,
				7A8FE64823B9E77900AFDC98 /* Frameworks */,
				7A8FE64923B9E77900AFDC98 /* Resources */,
			);
			buildRules = (
			);
			dependencies = (
				7A8FE64D23B9E77900AFDC98 /* PBXTargetDependency */,
			);
			name = imageViewTests;
			productName = imageViewTests;
			productReference = 7A8FE64B23B9E77900AFDC98 /* imageViewTests.xctest */;
			productType = "com.apple.product-type.bundle.unit-test";
		};
		7A8FE65523B9E77900AFDC98 /* imageViewUITests */ = {
			isa = PBXNativeTarget;
			buildConfigurationList = 7A8FE66523B9E77900AFDC98 /* Build configuration list for PBXNativeTarget "imageViewUITests" */;
			buildPhases = (
				7A8FE65223B9E77900AFDC98 /* Sources */,
				7A8FE65323B9E77900AFDC98 /* Frameworks */,
				7A8FE65423B9E77900AFDC98 /* Resources */,
			);
			buildRules = (
			);
			dependencies = (
				7A8FE65823B9E77900AFDC98 /* PBXTargetDependency */,
			);
			name = imageViewUITests;
			productName = imageViewUITests;
			productReference = 7A8FE65623B9E77900AFDC98 /* imageViewUITests.xctest */;
			productType = "com.apple.product-type.bundle.ui-testing";
		};
/* End PBXNativeTarget section */

/* Begin PBXProject section */
		7A8FE62D23B9E77900AFDC98 /* Project object */ = {
			isa = PBXProject;
			attributes = {
				LastSwiftUpdateCheck = 1100;
				LastUpgradeCheck = 1100;
				ORGANIZATIONNAME = "이서현";
				TargetAttributes = {
					7A8FE63423B9E77900AFDC98 = {
						CreatedOnToolsVersion = 11.0;
					};
					7A8FE64A23B9E77900AFDC98 = {
						CreatedOnToolsVersion = 11.0;
						TestTargetID = 7A8FE63423B9E77900AFDC98;
					};
					7A8FE65523B9E77900AFDC98 = {
						CreatedOnToolsVersion = 11.0;
						TestTargetID = 7A8FE63423B9E77900AFDC98;
					};
				};
			};
			buildConfigurationList = 7A8FE63023B9E77900AFDC98 /* Build configuration list for PBXProject "imageView" */;
			compatibilityVersion = "Xcode 9.3";
			developmentRegion = en;
			hasScannedForEncodings = 0;
			knownRegions = (
				en,
				Base,
			);
			mainGroup = 7A8FE62C23B9E77900AFDC98;
			productRefGroup = 7A8FE63623B9E77900AFDC98 /* Products */;
			projectDirPath = "";
			projectRoot = "";
			targets = (
				7A8FE63423B9E77900AFDC98 /* imageView */,
				7A8FE64A23B9E77900AFDC98 /* imageViewTests */,
				7A8FE65523B9E77900AFDC98 /* imageViewUITests */,
			);
		};
/* End PBXProject section */

/* Begin PBXResourcesBuildPhase section */
		7A8FE63323B9E77900AFDC98 /* Resources */ = {
			isa = PBXResourcesBuildPhase;
			buildActionMask = 2147483647;
			files = (
				7A477BD423BC6E0000379742 /* bulbOFF.png in Resources */,
				7A8FE64523B9E77900AFDC98 /* LaunchScreen.storyboard in Resources */,
				7A8FE64223B9E77900AFDC98 /* Assets.xcassets in Resources */,
				7A8FE64023B9E77900AFDC98 /* Main.storyboard in Resources */,
				7A477BD323BC6E0000379742 /* bulbON.png in Resources */,
			);
			runOnlyForDeploymentPostprocessing = 0;
		};
		7A8FE64923B9E77900AFDC98 /* Resources */ = {
			isa = PBXResourcesBuildPhase;
			buildActionMask = 2147483647;
			files = (
			);
			runOnlyForDeploymentPostprocessing = 0;
		};
		7A8FE65423B9E77900AFDC98 /* Resources */ = {
			isa = PBXResourcesBuildPhase;
			buildActionMask = 2147483647;
			files = (
			);
			runOnlyForDeploymentPostprocessing = 0;
		};
/* End PBXResourcesBuildPhase section */

/* Begin PBXSourcesBuildPhase section */
		7A8FE63123B9E77900AFDC98 /* Sources */ = {
			isa = PBXSourcesBuildPhase;
			buildActionMask = 2147483647;
			files = (
				7A8FE63D23B9E77900AFDC98 /* ViewController.swift in Sources */,
				7A8FE63923B9E77900AFDC98 /* AppDelegate.swift in Sources */,
				7A8FE63B23B9E77900AFDC98 /* SceneDelegate.swift in Sources */,
			);
			runOnlyForDeploymentPostprocessing = 0;
		};
		7A8FE64723B9E77900AFDC98 /* Sources */ = {
			isa = PBXSourcesBuildPhase;
			buildActionMask = 2147483647;
			files = (
				7A8FE65023B9E77900AFDC98 /* imageViewTests.swift in Sources */,
			);
			runOnlyForDeploymentPostprocessing = 0;
		};
		7A8FE65223B9E77900AFDC98 /* Sources */ = {
			isa = PBXSourcesBuildPhase;
			buildActionMask = 2147483647;
			files = (
				7A8FE65B23B9E77900AFDC98 /* imageViewUITests.swift in Sources */,
			);
			runOnlyForDeploymentPostprocessing = 0;
		};
/* End PBXSourcesBuildPhase section */

/* Begin PBXTargetDependency section */
		7A8FE64D23B9E77900AFDC98 /* PBXTargetDependency */ = {
			isa = PBXTargetDependency;
			target = 7A8FE63423B9E77900AFDC98 /* imageView */;
			targetProxy = 7A8FE64C23B9E77900AFDC98 /* PBXContainerItemProxy */;
		};
		7A8FE65823B9E77900AFDC98 /* PBXTargetDependency */ = {
			isa = PBXTargetDependency;
			target = 7A8FE63423B9E77900AFDC98 /* imageView */;
			targetProxy = 7A8FE65723B9E77900AFDC98 /* PBXContainerItemProxy */;
		};
/* End PBXTargetDependency section */

/* Begin PBXVariantGroup section */
		7A8FE63E23B9E77900AFDC98 /* Main.storyboard */ = {
			isa = PBXVariantGroup;
			children = (
				7A8FE63F23B9E77900AFDC98 /* Base */,
			);
			name = Main.storyboard;
			sourceTree = "<group>";
		};
		7A8FE64323B9E77900AFDC98 /* LaunchScreen.storyboard */ = {
			isa = PBXVariantGroup;
			children = (
				7A8FE64423B9E77900AFDC98 /* Base */,
			);
			name = LaunchScreen.storyboard;
			sourceTree = "<group>";
		};
/* End PBXVariantGroup section */

/* Begin XCBuildConfiguration section */
		7A8FE65D23B9E77900AFDC98 /* Debug */ = {
			isa = XCBuildConfiguration;
			buildSettings = {
				ALWAYS_SEARCH_USER_PATHS = NO;
				CLANG_ANALYZER_NONNULL = YES;
				CLANG_ANALYZER_NUMBER_OBJECT_CONVERSION = YES_AGGRESSIVE;
				CLANG_CXX_LANGUAGE_STANDARD = "gnu++14";
				CLANG_CXX_LIBRARY = "libc++";
				CLANG_ENABLE_MODULES = YES;
				CLANG_ENABLE_OBJC_ARC = YES;
				CLANG_ENABLE_OBJC_WEAK = YES;
				CLANG_WARN_BLOCK_CAPTURE_AUTORELEASING = YES;
				CLANG_WARN_BOOL_CONVERSION = YES;
				CLANG_WARN_COMMA = YES;
				CLANG_WARN_CONSTANT_CONVERSION = YES;
				CLANG_WARN_DEPRECATED_OBJC_IMPLEMENTATIONS = YES;
				CLANG_WARN_DIRECT_OBJC_ISA_USAGE = YES_ERROR;
				CLANG_WARN_DOCUMENTATION_COMMENTS = YES;
				CLANG_WARN_EMPTY_BODY = YES;
				CLANG_WARN_ENUM_CONVERSION = YES;
				CLANG_WARN_INFINITE_RECURSION = YES;
				CLANG_WARN_INT_CONVERSION = YES;
				CLANG_WARN_NON_LITERAL_NULL_CONVERSION = YES;
				CLANG_WARN_OBJC_IMPLICIT_RETAIN_SELF = YES;
				CLANG_WARN_OBJC_LITERAL_CONVERSION = YES;
				CLANG_WARN_OBJC_ROOT_CLASS = YES_ERROR;
				CLANG_WARN_RANGE_LOOP_ANALYSIS = YES;
				CLANG_WARN_STRICT_PROTOTYPES = YES;
				CLANG_WARN_SUSPICIOUS_MOVE = YES;
				CLANG_WARN_UNGUARDED_AVAILABILITY = YES_AGGRESSIVE;
				CLANG_WARN_UNREACHABLE_CODE = YES;
				CLANG_WARN__DUPLICATE_METHOD_MATCH = YES;
				COPY_PHASE_STRIP = NO;
				DEBUG_INFORMATION_FORMAT = dwarf;
				ENABLE_STRICT_OBJC_MSGSEND = YES;
				ENABLE_TESTABILITY = YES;
				GCC_C_LANGUAGE_STANDARD = gnu11;
				GCC_DYNAMIC_NO_PIC = NO;
				GCC_NO_COMMON_BLOCKS = YES;
				GCC_OPTIMIZATION_LEVEL = 0;
				GCC_PREPROCESSOR_DEFINITIONS = (
					"DEBUG=1",
					"$(inherited)",
				);
				GCC_WARN_64_TO_32_BIT_CONVERSION = YES;
				GCC_WARN_ABOUT_RETURN_TYPE = YES_ERROR;
				GCC_WARN_UNDECLARED_SELECTOR = YES;
				GCC_WARN_UNINITIALIZED_AUTOS = YES_AGGRESSIVE;
				GCC_WARN_UNUSED_FUNCTION = YES;
				GCC_WARN_UNUSED_VARIABLE = YES;
				IPHONEOS_DEPLOYMENT_TARGET = 13.0;
				MTL_ENABLE_DEBUG_INFO = INCLUDE_SOURCE;
				MTL_FAST_MATH = YES;
				ONLY_ACTIVE_ARCH = YES;
				SDKROOT = iphoneos;
				SWIFT_ACTIVE_COMPILATION_CONDITIONS = DEBUG;
				SWIFT_OPTIMIZATION_LEVEL = "-Onone";
			};
			name = Debug;
		};
		7A8FE65E23B9E77900AFDC98 /* Release */ = {
			isa = XCBuildConfiguration;
			buildSettings = {
				ALWAYS_SEARCH_USER_PATHS = NO;
				CLANG_ANALYZER_NONNULL = YES;
				CLANG_ANALYZER_NUMBER_OBJECT_CONVERSION = YES_AGGRESSIVE;
				CLANG_CXX_LANGUAGE_STANDARD = "gnu++14";
				CLANG_CXX_LIBRARY = "libc++";
				CLANG_ENABLE_MODULES = YES;
				CLANG_ENABLE_OBJC_ARC = YES;
				CLANG_ENABLE_OBJC_WEAK = YES;
				CLANG_WARN_BLOCK_CAPTURE_AUTORELEASING = YES;
				CLANG_WARN_BOOL_CONVERSION = YES;
				CLANG_WARN_COMMA = YES;
				CLANG_WARN_CONSTANT_CONVERSION = YES;
				CLANG_WARN_DEPRECATED_OBJC_IMPLEMENTATIONS = YES;
				CLANG_WARN_DIRECT_OBJC_ISA_USAGE = YES_ERROR;
				CLANG_WARN_DOCUMENTATION_COMMENTS = YES;
				CLANG_WARN_EMPTY_BODY = YES;
				CLANG_WARN_ENUM_CONVERSION = YES;
				CLANG_WARN_INFINITE_RECURSION = YES;
				CLANG_WARN_INT_CONVERSION = YES;
				CLANG_WARN_NON_LITERAL_NULL_CONVERSION = YES;
				CLANG_WARN_OBJC_IMPLICIT_RETAIN_SELF = YES;
				CLANG_WARN_OBJC_LITERAL_CONVERSION = YES;
				CLANG_WARN_OBJC_ROOT_CLASS = YES_ERROR;
				CLANG_WARN_RANGE_LOOP_ANALYSIS = YES;
				CLANG_WARN_STRICT_PROTOTYPES = YES;
				CLANG_WARN_SUSPICIOUS_MOVE = YES;
				CLANG_WARN_UNGUARDED_AVAILABILITY = YES_AGGRESSIVE;
				CLANG_WARN_UNREACHABLE_CODE = YES;
				CLANG_WARN__DUPLICATE_METHOD_MATCH = YES;
				COPY_PHASE_STRIP = NO;
				DEBUG_INFORMATION_FORMAT = "dwarf-with-dsym";
				ENABLE_NS_ASSERTIONS = NO;
				ENABLE_STRICT_OBJC_MSGSEND = YES;
				GCC_C_LANGUAGE_STANDARD = gnu11;
				GCC_NO_COMMON_BLOCKS = YES;
				GCC_WARN_64_TO_32_BIT_CONVERSION = YES;
				GCC_WARN_ABOUT_RETURN_TYPE = YES_ERROR;
				GCC_WARN_UNDECLARED_SELECTOR = YES;
				GCC_WARN_UNINITIALIZED_AUTOS = YES_AGGRESSIVE;
				GCC_WARN_UNUSED_FUNCTION = YES;
				GCC_WARN_UNUSED_VARIABLE = YES;
				IPHONEOS_DEPLOYMENT_TARGET = 13.0;
				MTL_ENABLE_DEBUG_INFO = NO;
				MTL_FAST_MATH = YES;
				SDKROOT = iphoneos;
				SWIFT_COMPILATION_MODE = wholemodule;
				SWIFT_OPTIMIZATION_LEVEL = "-O";
				VALIDATE_PRODUCT = YES;
			};
			name = Release;
		};
		7A8FE66023B9E77900AFDC98 /* Debug */ = {
			isa = XCBuildConfiguration;
			buildSettings = {
				ASSETCATALOG_COMPILER_APPICON_NAME = AppIcon;
				CODE_SIGN_STYLE = Automatic;
				INFOPLIST_FILE = imageView/Info.plist;
				LD_RUNPATH_SEARCH_PATHS = (
					"$(inherited)",
					"@executable_path/Frameworks",
				);
				PRODUCT_BUNDLE_IDENTIFIER = Lee.imageView;
				PRODUCT_NAME = "$(TARGET_NAME)";
				SWIFT_VERSION = 5.0;
				TARGETED_DEVICE_FAMILY = "1,2";
			};
			name = Debug;
		};
		7A8FE66123B9E77900AFDC98 /* Release */ = {
			isa = XCBuildConfiguration;
			buildSettings = {
				ASSETCATALOG_COMPILER_APPICON_NAME = AppIcon;
				CODE_SIGN_STYLE = Automatic;
				INFOPLIST_FILE = imageView/Info.plist;
				LD_RUNPATH_SEARCH_PATHS = (
					"$(inherited)",
					"@executable_path/Frameworks",
				);
				PRODUCT_BUNDLE_IDENTIFIER = Lee.imageView;
				PRODUCT_NAME = "$(TARGET_NAME)";
				SWIFT_VERSION = 5.0;
				TARGETED_DEVICE_FAMILY = "1,2";
			};
			name = Release;
		};
		7A8FE66323B9E77900AFDC98 /* Debug */ = {
			isa = XCBuildConfiguration;
			buildSettings = {
				ALWAYS_EMBED_SWIFT_STANDARD_LIBRARIES = YES;
				BUNDLE_LOADER = "$(TEST_HOST)";
				CODE_SIGN_STYLE = Automatic;
				INFOPLIST_FILE = imageViewTests/Info.plist;
				IPHONEOS_DEPLOYMENT_TARGET = 13.0;
				LD_RUNPATH_SEARCH_PATHS = (
					"$(inherited)",
					"@executable_path/Frameworks",
					"@loader_path/Frameworks",
				);
				PRODUCT_BUNDLE_IDENTIFIER = Lee.imageViewTests;
				PRODUCT_NAME = "$(TARGET_NAME)";
				SWIFT_VERSION = 5.0;
				TARGETED_DEVICE_FAMILY = "1,2";
				TEST_HOST = "$(BUILT_PRODUCTS_DIR)/imageView.app/imageView";
			};
			name = Debug;
		};
		7A8FE66423B9E77900AFDC98 /* Release */ = {
			isa = XCBuildConfiguration;
			buildSettings = {
				ALWAYS_EMBED_SWIFT_STANDARD_LIBRARIES = YES;
				BUNDLE_LOADER = "$(TEST_HOST)";
				CODE_SIGN_STYLE = Automatic;
				INFOPLIST_FILE = imageViewTests/Info.plist;
				IPHONEOS_DEPLOYMENT_TARGET = 13.0;
				LD_RUNPATH_SEARCH_PATHS = (
					"$(inherited)",
					"@executable_path/Frameworks",
					"@loader_path/Frameworks",
				);
				PRODUCT_BUNDLE_IDENTIFIER = Lee.imageViewTests;
				PRODUCT_NAME = "$(TARGET_NAME)";
				SWIFT_VERSION = 5.0;
				TARGETED_DEVICE_FAMILY = "1,2";
				TEST_HOST = "$(BUILT_PRODUCTS_DIR)/imageView.app/imageView";
			};
			name = Release;
		};
		7A8FE66623B9E77900AFDC98 /* Debug */ = {
			isa = XCBuildConfiguration;
			buildSettings = {
				ALWAYS_EMBED_SWIFT_STANDARD_LIBRARIES = YES;
				CODE_SIGN_STYLE = Automatic;
				INFOPLIST_FILE = imageViewUITests/Info.plist;
				LD_RUNPATH_SEARCH_PATHS = (
					"$(inherited)",
					"@executable_path/Frameworks",
					"@loader_path/Frameworks",
				);
				PRODUCT_BUNDLE_IDENTIFIER = Lee.imageViewUITests;
				PRODUCT_NAME = "$(TARGET_NAME)";
				SWIFT_VERSION = 5.0;
				TARGETED_DEVICE_FAMILY = "1,2";
				TEST_TARGET_NAME = imageView;
			};
			name = Debug;
		};
		7A8FE66723B9E77900AFDC98 /* Release */ = {
			isa = XCBuildConfiguration;
			buildSettings = {
				ALWAYS_EMBED_SWIFT_STANDARD_LIBRARIES = YES;
				CODE_SIGN_STYLE = Automatic;
				INFOPLIST_FILE = imageViewUITests/Info.plist;
				LD_RUNPATH_SEARCH_PATHS = (
					"$(inherited)",
					"@executable_path/Frameworks",
					"@loader_path/Frameworks",
				);
				PRODUCT_BUNDLE_IDENTIFIER = Lee.imageViewUITests;
				PRODUCT_NAME = "$(TARGET_NAME)";
				SWIFT_VERSION = 5.0;
				TARGETED_DEVICE_FAMILY = "1,2";
				TEST_TARGET_NAME = imageView;
			};
			name = Release;
		};
/* End XCBuildConfiguration section */

/* Begin XCConfigurationList section */
		7A8FE63023B9E77900AFDC98 /* Build configuration list for PBXProject "imageView" */ = {
			isa = XCConfigurationList;
			buildConfigurations = (
				7A8FE65D23B9E77900AFDC98 /* Debug */,
				7A8FE65E23B9E77900AFDC98 /* Release */,
			);
			defaultConfigurationIsVisible = 0;
			defaultConfigurationName = Release;
		};
		7A8FE65F23B9E77900AFDC98 /* Build configuration list for PBXNativeTarget "imageView" */ = {
			isa = XCConfigurationList;
			buildConfigurations = (
				7A8FE66023B9E77900AFDC98 /* Debug */,
				7A8FE66123B9E77900AFDC98 /* Release */,
			);
			defaultConfigurationIsVisible = 0;
			defaultConfigurationName = Release;
		};
		7A8FE66223B9E77900AFDC98 /* Build configuration list for PBXNativeTarget "imageViewTests" */ = {
			isa = XCConfigurationList;
			buildConfigurations = (
				7A8FE66323B9E77900AFDC98 /* Debug */,
				7A8FE66423B9E77900AFDC98 /* Release */,
			);
			defaultConfigurationIsVisible = 0;
			defaultConfigurationName = Release;
		};
		7A8FE66523B9E77900AFDC98 /* Build configuration list for PBXNativeTarget "imageViewUITests" */ = {
			isa = XCConfigurationList;
			buildConfigurations = (
				7A8FE66623B9E77900AFDC98 /* Debug */,
				7A8FE66723B9E77900AFDC98 /* Release */,
			);
			defaultConfigurationIsVisible = 0;
			defaultConfigurationName = Release;
		};
/* End XCConfigurationList section */
	};
	rootObject = 7A8FE62D23B9E77900AFDC98 /* Project object */;
}
