// !$*UTF8*$!
{
	archiveVersion = 1;
	classes = {
	};
	objectVersion = 50;
	objects = {

/* Begin PBXBuildFile section */
		7A33CB8823E2A1C40035E396 /* AppDelegate.swift in Sources */ = {isa = PBXBuildFile; fileRef = 7A33CB8723E2A1C40035E396 /* AppDelegate.swift */; };
		7A33CB8A23E2A1C40035E396 /* SceneDelegate.swift in Sources */ = {isa = PBXBuildFile; fileRef = 7A33CB8923E2A1C40035E396 /* SceneDelegate.swift */; };
		7A33CB8C23E2A1C40035E396 /* ViewController.swift in Sources */ = {isa = PBXBuildFile; fileRef = 7A33CB8B23E2A1C40035E396 /* ViewController.swift */; };
		7A33CB8F23E2A1C40035E396 /* Main.storyboard in Resources */ = {isa = PBXBuildFile; fileRef = 7A33CB8D23E2A1C40035E396 /* Main.storyboard */; };
		7A33CB9123E2A1C50035E396 /* Assets.xcassets in Resources */ = {isa = PBXBuildFile; fileRef = 7A33CB9023E2A1C50035E396 /* Assets.xcassets */; };
		7A33CB9423E2A1C50035E396 /* LaunchScreen.storyboard in Resources */ = {isa = PBXBuildFile; fileRef = 7A33CB9223E2A1C50035E396 /* LaunchScreen.storyboard */; };
		7A33CB9F23E2A1C50035E396 /* appDic2Tests.swift in Sources */ = {isa = PBXBuildFile; fileRef = 7A33CB9E23E2A1C50035E396 /* appDic2Tests.swift */; };
		7A33CBAA23E2A1C50035E396 /* appDic2UITests.swift in Sources */ = {isa = PBXBuildFile; fileRef = 7A33CBA923E2A1C50035E396 /* appDic2UITests.swift */; };
		7A33CBB823E2A2410035E396 /* WordPlayViewController.swift in Sources */ = {isa = PBXBuildFile; fileRef = 7A33CBB723E2A2410035E396 /* WordPlayViewController.swift */; };
		7A33CBBA23E2A3540035E396 /* play.png in Resources */ = {isa = PBXBuildFile; fileRef = 7A33CBB923E2A3540035E396 /* play.png */; };
		7A33CBBC23E2A36F0035E396 /* Sicilian_Breeze.mp3 in Resources */ = {isa = PBXBuildFile; fileRef = 7A33CBBB23E2A36F0035E396 /* Sicilian_Breeze.mp3 */; };
		7A33CBBE23E2A9420035E396 /* students.png in Resources */ = {isa = PBXBuildFile; fileRef = 7A33CBBD23E2A9420035E396 /* students.png */; };
		7A33CBC023E2C98A0035E396 /* more.png in Resources */ = {isa = PBXBuildFile; fileRef = 7A33CBBF23E2C98A0035E396 /* more.png */; };
		7A33CBC223E2D15A0035E396 /* SetViewController.swift in Sources */ = {isa = PBXBuildFile; fileRef = 7A33CBC123E2D15A0035E396 /* SetViewController.swift */; };
		7A33CBC423E2D1700035E396 /* HelpViewController.swift in Sources */ = {isa = PBXBuildFile; fileRef = 7A33CBC323E2D1700035E396 /* HelpViewController.swift */; };
/* End PBXBuildFile section */

/* Begin PBXContainerItemProxy section */
		7A33CB9B23E2A1C50035E396 /* PBXContainerItemProxy */ = {
			isa = PBXContainerItemProxy;
			containerPortal = 7A33CB7C23E2A1C40035E396 /* Project object */;
			proxyType = 1;
			remoteGlobalIDString = 7A33CB8323E2A1C40035E396;
			remoteInfo = appDic2;
		};
		7A33CBA623E2A1C50035E396 /* PBXContainerItemProxy */ = {
			isa = PBXContainerItemProxy;
			containerPortal = 7A33CB7C23E2A1C40035E396 /* Project object */;
			proxyType = 1;
			remoteGlobalIDString = 7A33CB8323E2A1C40035E396;
			remoteInfo = appDic2;
		};
/* End PBXContainerItemProxy section */

/* Begin PBXFileReference section */
		7A33CB8423E2A1C40035E396 /* appDic2.app */ = {isa = PBXFileReference; explicitFileType = wrapper.application; includeInIndex = 0; path = appDic2.app; sourceTree = BUILT_PRODUCTS_DIR; };
		7A33CB8723E2A1C40035E396 /* AppDelegate.swift */ = {isa = PBXFileReference; lastKnownFileType = sourcecode.swift; path = AppDelegate.swift; sourceTree = "<group>"; };
		7A33CB8923E2A1C40035E396 /* SceneDelegate.swift */ = {isa = PBXFileReference; lastKnownFileType = sourcecode.swift; path = SceneDelegate.swift; sourceTree = "<group>"; };
		7A33CB8B23E2A1C40035E396 /* ViewController.swift */ = {isa = PBXFileReference; lastKnownFileType = sourcecode.swift; path = ViewController.swift; sourceTree = "<group>"; };
		7A33CB8E23E2A1C40035E396 /* Base */ = {isa = PBXFileReference; lastKnownFileType = file.storyboard; name = Base; path = Base.lproj/Main.storyboard; sourceTree = "<group>"; };
		7A33CB9023E2A1C50035E396 /* Assets.xcassets */ = {isa = PBXFileReference; lastKnownFileType = folder.assetcatalog; path = Assets.xcassets; sourceTree = "<group>"; };
		7A33CB9323E2A1C50035E396 /* Base */ = {isa = PBXFileReference; lastKnownFileType = file.storyboard; name = Base; path = Base.lproj/LaunchScreen.storyboard; sourceTree = "<group>"; };
		7A33CB9523E2A1C50035E396 /* Info.plist */ = {isa = PBXFileReference; lastKnownFileType = text.plist.xml; path = Info.plist; sourceTree = "<group>"; };
		7A33CB9A23E2A1C50035E396 /* appDic2Tests.xctest */ = {isa = PBXFileReference; explicitFileType = wrapper.cfbundle; includeInIndex = 0; path = appDic2Tests.xctest; sourceTree = BUILT_PRODUCTS_DIR; };
		7A33CB9E23E2A1C50035E396 /* appDic2Tests.swift */ = {isa = PBXFileReference; lastKnownFileType = sourcecode.swift; path = appDic2Tests.swift; sourceTree = "<group>"; };
		7A33CBA023E2A1C50035E396 /* Info.plist */ = {isa = PBXFileReference; lastKnownFileType = text.plist.xml; path = Info.plist; sourceTree = "<group>"; };
		7A33CBA523E2A1C50035E396 /* appDic2UITests.xctest */ = {isa = PBXFileReference; explicitFileType = wrapper.cfbundle; includeInIndex = 0; path = appDic2UITests.xctest; sourceTree = BUILT_PRODUCTS_DIR; };
		7A33CBA923E2A1C50035E396 /* appDic2UITests.swift */ = {isa = PBXFileReference; lastKnownFileType = sourcecode.swift; path = appDic2UITests.swift; sourceTree = "<group>"; };
		7A33CBAB23E2A1C50035E396 /* Info.plist */ = {isa = PBXFileReference; lastKnownFileType = text.plist.xml; path = Info.plist; sourceTree = "<group>"; };
		7A33CBB723E2A2410035E396 /* WordPlayViewController.swift */ = {isa = PBXFileReference; lastKnownFileType = sourcecode.swift; path = WordPlayViewController.swift; sourceTree = "<group>"; };
		7A33CBB923E2A3540035E396 /* play.png */ = {isa = PBXFileReference; lastKnownFileType = image.png; path = play.png; sourceTree = "<group>"; };
		7A33CBBB23E2A36F0035E396 /* Sicilian_Breeze.mp3 */ = {isa = PBXFileReference; lastKnownFileType = audio.mp3; path = Sicilian_Breeze.mp3; sourceTree = "<group>"; };
		7A33CBBD23E2A9420035E396 /* students.png */ = {isa = PBXFileReference; lastKnownFileType = image.png; path = students.png; sourceTree = "<group>"; };
		7A33CBBF23E2C98A0035E396 /* more.png */ = {isa = PBXFileReference; lastKnownFileType = image.png; path = more.png; sourceTree = "<group>"; };
		7A33CBC123E2D15A0035E396 /* SetViewController.swift */ = {isa = PBXFileReference; lastKnownFileType = sourcecode.swift; path = SetViewController.swift; sourceTree = "<group>"; };
		7A33CBC323E2D1700035E396 /* HelpViewController.swift */ = {isa = PBXFileReference; lastKnownFileType = sourcecode.swift; path = HelpViewController.swift; sourceTree = "<group>"; };
/* End PBXFileReference section */

/* Begin PBXFrameworksBuildPhase section */
		7A33CB8123E2A1C40035E396 /* Frameworks */ = {
			isa = PBXFrameworksBuildPhase;
			buildActionMask = 2147483647;
			files = (
			);
			runOnlyForDeploymentPostprocessing = 0;
		};
		7A33CB9723E2A1C50035E396 /* Frameworks */ = {
			isa = PBXFrameworksBuildPhase;
			buildActionMask = 2147483647;
			files = (
			);
			runOnlyForDeploymentPostprocessing = 0;
		};
		7A33CBA223E2A1C50035E396 /* Frameworks */ = {
			isa = PBXFrameworksBuildPhase;
			buildActionMask = 2147483647;
			files = (
			);
			runOnlyForDeploymentPostprocessing = 0;
		};
/* End PBXFrameworksBuildPhase section */

/* Begin PBXGroup section */
		7A33CB7B23E2A1C40035E396 = {
			isa = PBXGroup;
			children = (
				7A33CB8623E2A1C40035E396 /* appDic2 */,
				7A33CB9D23E2A1C50035E396 /* appDic2Tests */,
				7A33CBA823E2A1C50035E396 /* appDic2UITests */,
				7A33CB8523E2A1C40035E396 /* Products */,
			);
			sourceTree = "<group>";
		};
		7A33CB8523E2A1C40035E396 /* Products */ = {
			isa = PBXGroup;
			children = (
				7A33CB8423E2A1C40035E396 /* appDic2.app */,
				7A33CB9A23E2A1C50035E396 /* appDic2Tests.xctest */,
				7A33CBA523E2A1C50035E396 /* appDic2UITests.xctest */,
			);
			name = Products;
			sourceTree = "<group>";
		};
		7A33CB8623E2A1C40035E396 /* appDic2 */ = {
			isa = PBXGroup;
			children = (
				7A33CBB723E2A2410035E396 /* WordPlayViewController.swift */,
				7A33CB8723E2A1C40035E396 /* AppDelegate.swift */,
				7A33CB8923E2A1C40035E396 /* SceneDelegate.swift */,
				7A33CB8B23E2A1C40035E396 /* ViewController.swift */,
				7A33CBC123E2D15A0035E396 /* SetViewController.swift */,
				7A33CBC323E2D1700035E396 /* HelpViewController.swift */,
				7A33CB8D23E2A1C40035E396 /* Main.storyboard */,
				7A33CB9023E2A1C50035E396 /* Assets.xcassets */,
				7A33CB9223E2A1C50035E396 /* LaunchScreen.storyboard */,
				7A33CB9523E2A1C50035E396 /* Info.plist */,
				7A33CBBB23E2A36F0035E396 /* Sicilian_Breeze.mp3 */,
				7A33CBBD23E2A9420035E396 /* students.png */,
				7A33CBBF23E2C98A0035E396 /* more.png */,
				7A33CBB923E2A3540035E396 /* play.png */,
			);
			path = appDic2;
			sourceTree = "<group>";
		};
		7A33CB9D23E2A1C50035E396 /* appDic2Tests */ = {
			isa = PBXGroup;
			children = (
				7A33CB9E23E2A1C50035E396 /* appDic2Tests.swift */,
				7A33CBA023E2A1C50035E396 /* Info.plist */,
			);
			path = appDic2Tests;
			sourceTree = "<group>";
		};
		7A33CBA823E2A1C50035E396 /* appDic2UITests */ = {
			isa = PBXGroup;
			children = (
				7A33CBA923E2A1C50035E396 /* appDic2UITests.swift */,
				7A33CBAB23E2A1C50035E396 /* Info.plist */,
			);
			path = appDic2UITests;
			sourceTree = "<group>";
		};
/* End PBXGroup section */

/* Begin PBXNativeTarget section */
		7A33CB8323E2A1C40035E396 /* appDic2 */ = {
			isa = PBXNativeTarget;
			buildConfigurationList = 7A33CBAE23E2A1C50035E396 /* Build configuration list for PBXNativeTarget "appDic2" */;
			buildPhases = (
				7A33CB8023E2A1C40035E396 /* Sources */,
				7A33CB8123E2A1C40035E396 /* Frameworks */,
				7A33CB8223E2A1C40035E396 /* Resources */,
			);
			buildRules = (
			);
			dependencies = (
			);
			name = appDic2;
			productName = appDic2;
			productReference = 7A33CB8423E2A1C40035E396 /* appDic2.app */;
			productType = "com.apple.product-type.application";
		};
		7A33CB9923E2A1C50035E396 /* appDic2Tests */ = {
			isa = PBXNativeTarget;
			buildConfigurationList = 7A33CBB123E2A1C50035E396 /* Build configuration list for PBXNativeTarget "appDic2Tests" */;
			buildPhases = (
				7A33CB9623E2A1C50035E396 /* Sources */,
				7A33CB9723E2A1C50035E396 /* Frameworks */,
				7A33CB9823E2A1C50035E396 /* Resources */,
			);
			buildRules = (
			);
			dependencies = (
				7A33CB9C23E2A1C50035E396 /* PBXTargetDependency */,
			);
			name = appDic2Tests;
			productName = appDic2Tests;
			productReference = 7A33CB9A23E2A1C50035E396 /* appDic2Tests.xctest */;
			productType = "com.apple.product-type.bundle.unit-test";
		};
		7A33CBA423E2A1C50035E396 /* appDic2UITests */ = {
			isa = PBXNativeTarget;
			buildConfigurationList = 7A33CBB423E2A1C50035E396 /* Build configuration list for PBXNativeTarget "appDic2UITests" */;
			buildPhases = (
				7A33CBA123E2A1C50035E396 /* Sources */,
				7A33CBA223E2A1C50035E396 /* Frameworks */,
				7A33CBA323E2A1C50035E396 /* Resources */,
			);
			buildRules = (
			);
			dependencies = (
				7A33CBA723E2A1C50035E396 /* PBXTargetDependency */,
			);
			name = appDic2UITests;
			productName = appDic2UITests;
			productReference = 7A33CBA523E2A1C50035E396 /* appDic2UITests.xctest */;
			productType = "com.apple.product-type.bundle.ui-testing";
		};
/* End PBXNativeTarget section */

/* Begin PBXProject section */
		7A33CB7C23E2A1C40035E396 /* Project object */ = {
			isa = PBXProject;
			attributes = {
				LastSwiftUpdateCheck = 1100;
				LastUpgradeCheck = 1100;
				ORGANIZATIONNAME = "이서현";
				TargetAttributes = {
					7A33CB8323E2A1C40035E396 = {
						CreatedOnToolsVersion = 11.0;
					};
					7A33CB9923E2A1C50035E396 = {
						CreatedOnToolsVersion = 11.0;
						TestTargetID = 7A33CB8323E2A1C40035E396;
					};
					7A33CBA423E2A1C50035E396 = {
						CreatedOnToolsVersion = 11.0;
						TestTargetID = 7A33CB8323E2A1C40035E396;
					};
				};
			};
			buildConfigurationList = 7A33CB7F23E2A1C40035E396 /* Build configuration list for PBXProject "appDic2" */;
			compatibilityVersion = "Xcode 9.3";
			developmentRegion = en;
			hasScannedForEncodings = 0;
			knownRegions = (
				en,
				Base,
			);
			mainGroup = 7A33CB7B23E2A1C40035E396;
			productRefGroup = 7A33CB8523E2A1C40035E396 /* Products */;
			projectDirPath = "";
			projectRoot = "";
			targets = (
				7A33CB8323E2A1C40035E396 /* appDic2 */,
				7A33CB9923E2A1C50035E396 /* appDic2Tests */,
				7A33CBA423E2A1C50035E396 /* appDic2UITests */,
			);
		};
/* End PBXProject section */

/* Begin PBXResourcesBuildPhase section */
		7A33CB8223E2A1C40035E396 /* Resources */ = {
			isa = PBXResourcesBuildPhase;
			buildActionMask = 2147483647;
			files = (
				7A33CB9423E2A1C50035E396 /* LaunchScreen.storyboard in Resources */,
				7A33CBBA23E2A3540035E396 /* play.png in Resources */,
				7A33CB9123E2A1C50035E396 /* Assets.xcassets in Resources */,
				7A33CBBE23E2A9420035E396 /* students.png in Resources */,
				7A33CB8F23E2A1C40035E396 /* Main.storyboard in Resources */,
				7A33CBC023E2C98A0035E396 /* more.png in Resources */,
				7A33CBBC23E2A36F0035E396 /* Sicilian_Breeze.mp3 in Resources */,
			);
			runOnlyForDeploymentPostprocessing = 0;
		};
		7A33CB9823E2A1C50035E396 /* Resources */ = {
			isa = PBXResourcesBuildPhase;
			buildActionMask = 2147483647;
			files = (
			);
			runOnlyForDeploymentPostprocessing = 0;
		};
		7A33CBA323E2A1C50035E396 /* Resources */ = {
			isa = PBXResourcesBuildPhase;
			buildActionMask = 2147483647;
			files = (
			);
			runOnlyForDeploymentPostprocessing = 0;
		};
/* End PBXResourcesBuildPhase section */

/* Begin PBXSourcesBuildPhase section */
		7A33CB8023E2A1C40035E396 /* Sources */ = {
			isa = PBXSourcesBuildPhase;
			buildActionMask = 2147483647;
			files = (
				7A33CB8C23E2A1C40035E396 /* ViewController.swift in Sources */,
				7A33CBC423E2D1700035E396 /* HelpViewController.swift in Sources */,
				7A33CBC223E2D15A0035E396 /* SetViewController.swift in Sources */,
				7A33CB8823E2A1C40035E396 /* AppDelegate.swift in Sources */,
				7A33CBB823E2A2410035E396 /* WordPlayViewController.swift in Sources */,
				7A33CB8A23E2A1C40035E396 /* SceneDelegate.swift in Sources */,
			);
			runOnlyForDeploymentPostprocessing = 0;
		};
		7A33CB9623E2A1C50035E396 /* Sources */ = {
			isa = PBXSourcesBuildPhase;
			buildActionMask = 2147483647;
			files = (
				7A33CB9F23E2A1C50035E396 /* appDic2Tests.swift in Sources */,
			);
			runOnlyForDeploymentPostprocessing = 0;
		};
		7A33CBA123E2A1C50035E396 /* Sources */ = {
			isa = PBXSourcesBuildPhase;
			buildActionMask = 2147483647;
			files = (
				7A33CBAA23E2A1C50035E396 /* appDic2UITests.swift in Sources */,
			);
			runOnlyForDeploymentPostprocessing = 0;
		};
/* End PBXSourcesBuildPhase section */

/* Begin PBXTargetDependency section */
		7A33CB9C23E2A1C50035E396 /* PBXTargetDependency */ = {
			isa = PBXTargetDependency;
			target = 7A33CB8323E2A1C40035E396 /* appDic2 */;
			targetProxy = 7A33CB9B23E2A1C50035E396 /* PBXContainerItemProxy */;
		};
		7A33CBA723E2A1C50035E396 /* PBXTargetDependency */ = {
			isa = PBXTargetDependency;
			target = 7A33CB8323E2A1C40035E396 /* appDic2 */;
			targetProxy = 7A33CBA623E2A1C50035E396 /* PBXContainerItemProxy */;
		};
/* End PBXTargetDependency section */

/* Begin PBXVariantGroup section */
		7A33CB8D23E2A1C40035E396 /* Main.storyboard */ = {
			isa = PBXVariantGroup;
			children = (
				7A33CB8E23E2A1C40035E396 /* Base */,
			);
			name = Main.storyboard;
			sourceTree = "<group>";
		};
		7A33CB9223E2A1C50035E396 /* LaunchScreen.storyboard */ = {
			isa = PBXVariantGroup;
			children = (
				7A33CB9323E2A1C50035E396 /* Base */,
			);
			name = LaunchScreen.storyboard;
			sourceTree = "<group>";
		};
/* End PBXVariantGroup section */

/* Begin XCBuildConfiguration section */
		7A33CBAC23E2A1C50035E396 /* Debug */ = {
			isa = XCBuildConfiguration;
			buildSettings = {
				ALWAYS_SEARCH_USER_PATHS = NO;
				CLANG_ANALYZER_NONNULL = YES;
				CLANG_ANALYZER_NUMBER_OBJECT_CONVERSION = YES_AGGRESSIVE;
				CLANG_CXX_LANGUAGE_STANDARD = "gnu++14";
				CLANG_CXX_LIBRARY = "libc++";
				CLANG_ENABLE_MODULES = YES;
				CLANG_ENABLE_OBJC_ARC = YES;
				CLANG_ENABLE_OBJC_WEAK = YES;
				CLANG_WARN_BLOCK_CAPTURE_AUTORELEASING = YES;
				CLANG_WARN_BOOL_CONVERSION = YES;
				CLANG_WARN_COMMA = YES;
				CLANG_WARN_CONSTANT_CONVERSION = YES;
				CLANG_WARN_DEPRECATED_OBJC_IMPLEMENTATIONS = YES;
				CLANG_WARN_DIRECT_OBJC_ISA_USAGE = YES_ERROR;
				CLANG_WARN_DOCUMENTATION_COMMENTS = YES;
				CLANG_WARN_EMPTY_BODY = YES;
				CLANG_WARN_ENUM_CONVERSION = YES;
				CLANG_WARN_INFINITE_RECURSION = YES;
				CLANG_WARN_INT_CONVERSION = YES;
				CLANG_WARN_NON_LITERAL_NULL_CONVERSION = YES;
				CLANG_WARN_OBJC_IMPLICIT_RETAIN_SELF = YES;
				CLANG_WARN_OBJC_LITERAL_CONVERSION = YES;
				CLANG_WARN_OBJC_ROOT_CLASS = YES_ERROR;
				CLANG_WARN_RANGE_LOOP_ANALYSIS = YES;
				CLANG_WARN_STRICT_PROTOTYPES = YES;
				CLANG_WARN_SUSPICIOUS_MOVE = YES;
				CLANG_WARN_UNGUARDED_AVAILABILITY = YES_AGGRESSIVE;
				CLANG_WARN_UNREACHABLE_CODE = YES;
				CLANG_WARN__DUPLICATE_METHOD_MATCH = YES;
				COPY_PHASE_STRIP = NO;
				DEBUG_INFORMATION_FORMAT = dwarf;
				ENABLE_STRICT_OBJC_MSGSEND = YES;
				ENABLE_TESTABILITY = YES;
				GCC_C_LANGUAGE_STANDARD = gnu11;
				GCC_DYNAMIC_NO_PIC = NO;
				GCC_NO_COMMON_BLOCKS = YES;
				GCC_OPTIMIZATION_LEVEL = 0;
				GCC_PREPROCESSOR_DEFINITIONS = (
					"DEBUG=1",
					"$(inherited)",
				);
				GCC_WARN_64_TO_32_BIT_CONVERSION = YES;
				GCC_WARN_ABOUT_RETURN_TYPE = YES_ERROR;
				GCC_WARN_UNDECLARED_SELECTOR = YES;
				GCC_WARN_UNINITIALIZED_AUTOS = YES_AGGRESSIVE;
				GCC_WARN_UNUSED_FUNCTION = YES;
				GCC_WARN_UNUSED_VARIABLE = YES;
				IPHONEOS_DEPLOYMENT_TARGET = 13.0;
				MTL_ENABLE_DEBUG_INFO = INCLUDE_SOURCE;
				MTL_FAST_MATH = YES;
				ONLY_ACTIVE_ARCH = YES;
				SDKROOT = iphoneos;
				SWIFT_ACTIVE_COMPILATION_CONDITIONS = DEBUG;
				SWIFT_OPTIMIZATION_LEVEL = "-Onone";
			};
			name = Debug;
		};
		7A33CBAD23E2A1C50035E396 /* Release */ = {
			isa = XCBuildConfiguration;
			buildSettings = {
				ALWAYS_SEARCH_USER_PATHS = NO;
				CLANG_ANALYZER_NONNULL = YES;
				CLANG_ANALYZER_NUMBER_OBJECT_CONVERSION = YES_AGGRESSIVE;
				CLANG_CXX_LANGUAGE_STANDARD = "gnu++14";
				CLANG_CXX_LIBRARY = "libc++";
				CLANG_ENABLE_MODULES = YES;
				CLANG_ENABLE_OBJC_ARC = YES;
				CLANG_ENABLE_OBJC_WEAK = YES;
				CLANG_WARN_BLOCK_CAPTURE_AUTORELEASING = YES;
				CLANG_WARN_BOOL_CONVERSION = YES;
				CLANG_WARN_COMMA = YES;
				CLANG_WARN_CONSTANT_CONVERSION = YES;
				CLANG_WARN_DEPRECATED_OBJC_IMPLEMENTATIONS = YES;
				CLANG_WARN_DIRECT_OBJC_ISA_USAGE = YES_ERROR;
				CLANG_WARN_DOCUMENTATION_COMMENTS = YES;
				CLANG_WARN_EMPTY_BODY = YES;
				CLANG_WARN_ENUM_CONVERSION = YES;
				CLANG_WARN_INFINITE_RECURSION = YES;
				CLANG_WARN_INT_CONVERSION = YES;
				CLANG_WARN_NON_LITERAL_NULL_CONVERSION = YES;
				CLANG_WARN_OBJC_IMPLICIT_RETAIN_SELF = YES;
				CLANG_WARN_OBJC_LITERAL_CONVERSION = YES;
				CLANG_WARN_OBJC_ROOT_CLASS = YES_ERROR;
				CLANG_WARN_RANGE_LOOP_ANALYSIS = YES;
				CLANG_WARN_STRICT_PROTOTYPES = YES;
				CLANG_WARN_SUSPICIOUS_MOVE = YES;
				CLANG_WARN_UNGUARDED_AVAILABILITY = YES_AGGRESSIVE;
				CLANG_WARN_UNREACHABLE_CODE = YES;
				CLANG_WARN__DUPLICATE_METHOD_MATCH = YES;
				COPY_PHASE_STRIP = NO;
				DEBUG_INFORMATION_FORMAT = "dwarf-with-dsym";
				ENABLE_NS_ASSERTIONS = NO;
				ENABLE_STRICT_OBJC_MSGSEND = YES;
				GCC_C_LANGUAGE_STANDARD = gnu11;
				GCC_NO_COMMON_BLOCKS = YES;
				GCC_WARN_64_TO_32_BIT_CONVERSION = YES;
				GCC_WARN_ABOUT_RETURN_TYPE = YES_ERROR;
				GCC_WARN_UNDECLARED_SELECTOR = YES;
				GCC_WARN_UNINITIALIZED_AUTOS = YES_AGGRESSIVE;
				GCC_WARN_UNUSED_FUNCTION = YES;
				GCC_WARN_UNUSED_VARIABLE = YES;
				IPHONEOS_DEPLOYMENT_TARGET = 13.0;
				MTL_ENABLE_DEBUG_INFO = NO;
				MTL_FAST_MATH = YES;
				SDKROOT = iphoneos;
				SWIFT_COMPILATION_MODE = wholemodule;
				SWIFT_OPTIMIZATION_LEVEL = "-O";
				VALIDATE_PRODUCT = YES;
			};
			name = Release;
		};
		7A33CBAF23E2A1C50035E396 /* Debug */ = {
			isa = XCBuildConfiguration;
			buildSettings = {
				ASSETCATALOG_COMPILER_APPICON_NAME = AppIcon;
				CODE_SIGN_STYLE = Automatic;
				DEVELOPMENT_TEAM = 2U5TN562R2;
				INFOPLIST_FILE = appDic2/Info.plist;
				LD_RUNPATH_SEARCH_PATHS = (
					"$(inherited)",
					"@executable_path/Frameworks",
				);
				PRODUCT_BUNDLE_IDENTIFIER = Lee.appDic2;
				PRODUCT_NAME = "$(TARGET_NAME)";
				SWIFT_VERSION = 5.0;
				TARGETED_DEVICE_FAMILY = "1,2";
			};
			name = Debug;
		};
		7A33CBB023E2A1C50035E396 /* Release */ = {
			isa = XCBuildConfiguration;
			buildSettings = {
				ASSETCATALOG_COMPILER_APPICON_NAME = AppIcon;
				CODE_SIGN_STYLE = Automatic;
				DEVELOPMENT_TEAM = 2U5TN562R2;
				INFOPLIST_FILE = appDic2/Info.plist;
				LD_RUNPATH_SEARCH_PATHS = (
					"$(inherited)",
					"@executable_path/Frameworks",
				);
				PRODUCT_BUNDLE_IDENTIFIER = Lee.appDic2;
				PRODUCT_NAME = "$(TARGET_NAME)";
				SWIFT_VERSION = 5.0;
				TARGETED_DEVICE_FAMILY = "1,2";
			};
			name = Release;
		};
		7A33CBB223E2A1C50035E396 /* Debug */ = {
			isa = XCBuildConfiguration;
			buildSettings = {
				ALWAYS_EMBED_SWIFT_STANDARD_LIBRARIES = YES;
				BUNDLE_LOADER = "$(TEST_HOST)";
				CODE_SIGN_STYLE = Automatic;
				DEVELOPMENT_TEAM = 2U5TN562R2;
				INFOPLIST_FILE = appDic2Tests/Info.plist;
				IPHONEOS_DEPLOYMENT_TARGET = 13.0;
				LD_RUNPATH_SEARCH_PATHS = (
					"$(inherited)",
					"@executable_path/Frameworks",
					"@loader_path/Frameworks",
				);
				PRODUCT_BUNDLE_IDENTIFIER = Lee.appDic2Tests;
				PRODUCT_NAME = "$(TARGET_NAME)";
				SWIFT_VERSION = 5.0;
				TARGETED_DEVICE_FAMILY = "1,2";
				TEST_HOST = "$(BUILT_PRODUCTS_DIR)/appDic2.app/appDic2";
			};
			name = Debug;
		};
		7A33CBB323E2A1C50035E396 /* Release */ = {
			isa = XCBuildConfiguration;
			buildSettings = {
				ALWAYS_EMBED_SWIFT_STANDARD_LIBRARIES = YES;
				BUNDLE_LOADER = "$(TEST_HOST)";
				CODE_SIGN_STYLE = Automatic;
				DEVELOPMENT_TEAM = 2U5TN562R2;
				INFOPLIST_FILE = appDic2Tests/Info.plist;
				IPHONEOS_DEPLOYMENT_TARGET = 13.0;
				LD_RUNPATH_SEARCH_PATHS = (
					"$(inherited)",
					"@executable_path/Frameworks",
					"@loader_path/Frameworks",
				);
				PRODUCT_BUNDLE_IDENTIFIER = Lee.appDic2Tests;
				PRODUCT_NAME = "$(TARGET_NAME)";
				SWIFT_VERSION = 5.0;
				TARGETED_DEVICE_FAMILY = "1,2";
				TEST_HOST = "$(BUILT_PRODUCTS_DIR)/appDic2.app/appDic2";
			};
			name = Release;
		};
		7A33CBB523E2A1C50035E396 /* Debug */ = {
			isa = XCBuildConfiguration;
			buildSettings = {
				ALWAYS_EMBED_SWIFT_STANDARD_LIBRARIES = YES;
				CODE_SIGN_STYLE = Automatic;
				DEVELOPMENT_TEAM = 2U5TN562R2;
				INFOPLIST_FILE = appDic2UITests/Info.plist;
				LD_RUNPATH_SEARCH_PATHS = (
					"$(inherited)",
					"@executable_path/Frameworks",
					"@loader_path/Frameworks",
				);
				PRODUCT_BUNDLE_IDENTIFIER = Lee.appDic2UITests;
				PRODUCT_NAME = "$(TARGET_NAME)";
				SWIFT_VERSION = 5.0;
				TARGETED_DEVICE_FAMILY = "1,2";
				TEST_TARGET_NAME = appDic2;
			};
			name = Debug;
		};
		7A33CBB623E2A1C50035E396 /* Release */ = {
			isa = XCBuildConfiguration;
			buildSettings = {
				ALWAYS_EMBED_SWIFT_STANDARD_LIBRARIES = YES;
				CODE_SIGN_STYLE = Automatic;
				DEVELOPMENT_TEAM = 2U5TN562R2;
				INFOPLIST_FILE = appDic2UITests/Info.plist;
				LD_RUNPATH_SEARCH_PATHS = (
					"$(inherited)",
					"@executable_path/Frameworks",
					"@loader_path/Frameworks",
				);
				PRODUCT_BUNDLE_IDENTIFIER = Lee.appDic2UITests;
				PRODUCT_NAME = "$(TARGET_NAME)";
				SWIFT_VERSION = 5.0;
				TARGETED_DEVICE_FAMILY = "1,2";
				TEST_TARGET_NAME = appDic2;
			};
			name = Release;
		};
/* End XCBuildConfiguration section */

/* Begin XCConfigurationList section */
		7A33CB7F23E2A1C40035E396 /* Build configuration list for PBXProject "appDic2" */ = {
			isa = XCConfigurationList;
			buildConfigurations = (
				7A33CBAC23E2A1C50035E396 /* Debug */,
				7A33CBAD23E2A1C50035E396 /* Release */,
			);
			defaultConfigurationIsVisible = 0;
			defaultConfigurationName = Release;
		};
		7A33CBAE23E2A1C50035E396 /* Build configuration list for PBXNativeTarget "appDic2" */ = {
			isa = XCConfigurationList;
			buildConfigurations = (
				7A33CBAF23E2A1C50035E396 /* Debug */,
				7A33CBB023E2A1C50035E396 /* Release */,
			);
			defaultConfigurationIsVisible = 0;
			defaultConfigurationName = Release;
		};
		7A33CBB123E2A1C50035E396 /* Build configuration list for PBXNativeTarget "appDic2Tests" */ = {
			isa = XCConfigurationList;
			buildConfigurations = (
				7A33CBB223E2A1C50035E396 /* Debug */,
				7A33CBB323E2A1C50035E396 /* Release */,
			);
			defaultConfigurationIsVisible = 0;
			defaultConfigurationName = Release;
		};
		7A33CBB423E2A1C50035E396 /* Build configuration list for PBXNativeTarget "appDic2UITests" */ = {
			isa = XCConfigurationList;
			buildConfigurations = (
				7A33CBB523E2A1C50035E396 /* Debug */,
				7A33CBB623E2A1C50035E396 /* Release */,
			);
			defaultConfigurationIsVisible = 0;
			defaultConfigurationName = Release;
		};
/* End XCConfigurationList section */
	};
	rootObject = 7A33CB7C23E2A1C40035E396 /* Project object */;
}
